
Microsoft Visual Studio Solution File, Format Version 12.00
# Visual Studio 2013
VisualStudioVersion = 12.0.21005.1
MinimumVisualStudioVersion = 10.0.40219.1
Project("{8BC9CEB8-8B4A-11D0-8D11-00A0C91BC942}") = "SandBox", "Source\SandBox\SandBox.vcxproj", "{55A26A26-BFFF-43D6-ABDC-9943EFD15EEE}"
	ProjectSection(ProjectDependencies) = postProject
		{BF0CFF05-9961-4278-8497-2119FAC2C5F6} = {BF0CFF05-9961-4278-8497-2119FAC2C5F6}
		{881FCA30-43D9-496B-AAE2-1BC185261A40} = {881FCA30-43D9-496B-AAE2-1BC185261A40}
		{504C874C-DCBB-4EB2-B4DA-C4C33CF447D5} = {504C874C-DCBB-4EB2-B4DA-C4C33CF447D5}
		{D39AE252-EC74-4D66-A3DD-F8C0F02B08F8} = {D39AE252-EC74-4D66-A3DD-F8C0F02B08F8}
		{8DFDB876-4FF8-47D4-889C-CD52F7E95783} = {8DFDB876-4FF8-47D4-889C-CD52F7E95783}
		{BBDAC591-89D6-4BE7-AF2B-A60D83F1801B} = {BBDAC591-89D6-4BE7-AF2B-A60D83F1801B}
		{9D0B74EF-FE2A-4275-A7AF-0E7ED6A288CD} = {9D0B74EF-FE2A-4275-A7AF-0E7ED6A288CD}
	EndProjectSection
EndProject
Project("{8BC9CEB8-8B4A-11D0-8D11-00A0C91BC942}") = "hc3dContentLoader", "Source\hc3dContentLoader\hc3dContentLoader.vcxproj", "{D39AE252-EC74-4D66-A3DD-F8C0F02B08F8}"
EndProject
Project("{2150E333-8FDC-42A3-9474-1A3956D46DE8}") = "core", "core", "{36FD5AD6-51BC-4DFC-8BA2-916062D2877F}"
EndProject
Project("{8BC9CEB8-8B4A-11D0-8D11-00A0C91BC942}") = "hc3dMath", "Source\hc3dMath\hc3dMath.vcxproj", "{881FCA30-43D9-496B-AAE2-1BC185261A40}"
EndProject
Project("{8BC9CEB8-8B4A-11D0-8D11-00A0C91BC942}") = "hc3dObjects", "Source\hc3dObjects\hc3dObjects.vcxproj", "{8DFDB876-4FF8-47D4-889C-CD52F7E95783}"
	ProjectSection(ProjectDependencies) = postProject
		{BF0CFF05-9961-4278-8497-2119FAC2C5F6} = {BF0CFF05-9961-4278-8497-2119FAC2C5F6}
		{881FCA30-43D9-496B-AAE2-1BC185261A40} = {881FCA30-43D9-496B-AAE2-1BC185261A40}
		{504C874C-DCBB-4EB2-B4DA-C4C33CF447D5} = {504C874C-DCBB-4EB2-B4DA-C4C33CF447D5}
		{D39AE252-EC74-4D66-A3DD-F8C0F02B08F8} = {D39AE252-EC74-4D66-A3DD-F8C0F02B08F8}
		{BBDAC591-89D6-4BE7-AF2B-A60D83F1801B} = {BBDAC591-89D6-4BE7-AF2B-A60D83F1801B}
		{9D0B74EF-FE2A-4275-A7AF-0E7ED6A288CD} = {9D0B74EF-FE2A-4275-A7AF-0E7ED6A288CD}
	EndProjectSection
EndProject
Project("{8BC9CEB8-8B4A-11D0-8D11-00A0C91BC942}") = "hc3dControllers", "Source\hc3dControllers\hc3dControllers.vcxproj", "{9D0B74EF-FE2A-4275-A7AF-0E7ED6A288CD}"
	ProjectSection(ProjectDependencies) = postProject
		{881FCA30-43D9-496B-AAE2-1BC185261A40} = {881FCA30-43D9-496B-AAE2-1BC185261A40}
		{D39AE252-EC74-4D66-A3DD-F8C0F02B08F8} = {D39AE252-EC74-4D66-A3DD-F8C0F02B08F8}
	EndProjectSection
EndProject
Project("{8BC9CEB8-8B4A-11D0-8D11-00A0C91BC942}") = "hc3dModelBuilder", "Source\hc3dModelBuilder\hc3dModelBuilder.vcxproj", "{BF0CFF05-9961-4278-8497-2119FAC2C5F6}"
	ProjectSection(ProjectDependencies) = postProject
		{881FCA30-43D9-496B-AAE2-1BC185261A40} = {881FCA30-43D9-496B-AAE2-1BC185261A40}
		{504C874C-DCBB-4EB2-B4DA-C4C33CF447D5} = {504C874C-DCBB-4EB2-B4DA-C4C33CF447D5}
		{D39AE252-EC74-4D66-A3DD-F8C0F02B08F8} = {D39AE252-EC74-4D66-A3DD-F8C0F02B08F8}
		{9D0B74EF-FE2A-4275-A7AF-0E7ED6A288CD} = {9D0B74EF-FE2A-4275-A7AF-0E7ED6A288CD}
	EndProjectSection
EndProject
Project("{8BC9CEB8-8B4A-11D0-8D11-00A0C91BC942}") = "hc3dPhysics", "Source\hc3dPhysics\hc3dPhysics.vcxproj", "{504C874C-DCBB-4EB2-B4DA-C4C33CF447D5}"
	ProjectSection(ProjectDependencies) = postProject
		{881FCA30-43D9-496B-AAE2-1BC185261A40} = {881FCA30-43D9-496B-AAE2-1BC185261A40}
		{D39AE252-EC74-4D66-A3DD-F8C0F02B08F8} = {D39AE252-EC74-4D66-A3DD-F8C0F02B08F8}
		{9D0B74EF-FE2A-4275-A7AF-0E7ED6A288CD} = {9D0B74EF-FE2A-4275-A7AF-0E7ED6A288CD}
	EndProjectSection
EndProject
Project("{2150E333-8FDC-42A3-9474-1A3956D46DE8}") = "ui", "ui", "{F290C991-7569-4A66-914A-598D8DAFC241}"
EndProject
Project("{8BC9CEB8-8B4A-11D0-8D11-00A0C91BC942}") = "hc3dSceneBuilder", "Source\hc3dSceneBuilder\hc3dSceneBuilder.vcxproj", "{BBDAC591-89D6-4BE7-AF2B-A60D83F1801B}"
	ProjectSection(ProjectDependencies) = postProject
		{BF0CFF05-9961-4278-8497-2119FAC2C5F6} = {BF0CFF05-9961-4278-8497-2119FAC2C5F6}
		{881FCA30-43D9-496B-AAE2-1BC185261A40} = {881FCA30-43D9-496B-AAE2-1BC185261A40}
		{504C874C-DCBB-4EB2-B4DA-C4C33CF447D5} = {504C874C-DCBB-4EB2-B4DA-C4C33CF447D5}
		{D39AE252-EC74-4D66-A3DD-F8C0F02B08F8} = {D39AE252-EC74-4D66-A3DD-F8C0F02B08F8}
		{9D0B74EF-FE2A-4275-A7AF-0E7ED6A288CD} = {9D0B74EF-FE2A-4275-A7AF-0E7ED6A288CD}
	EndProjectSection
EndProject
Global
	GlobalSection(SolutionConfigurationPlatforms) = preSolution
		Debug|Win32 = Debug|Win32
		Debug|x64 = Debug|x64
		Release|Win32 = Release|Win32
		Release|x64 = Release|x64
	EndGlobalSection
	GlobalSection(ProjectConfigurationPlatforms) = postSolution
		{55A26A26-BFFF-43D6-ABDC-9943EFD15EEE}.Debug|Win32.ActiveCfg = Debug|Win32
		{55A26A26-BFFF-43D6-ABDC-9943EFD15EEE}.Debug|Win32.Build.0 = Debug|Win32
		{55A26A26-BFFF-43D6-ABDC-9943EFD15EEE}.Debug|x64.ActiveCfg = Debug|x64
		{55A26A26-BFFF-43D6-ABDC-9943EFD15EEE}.Debug|x64.Build.0 = Debug|x64
		{55A26A26-BFFF-43D6-ABDC-9943EFD15EEE}.Release|Win32.ActiveCfg = Release|Win32
		{55A26A26-BFFF-43D6-ABDC-9943EFD15EEE}.Release|Win32.Build.0 = Release|Win32
		{55A26A26-BFFF-43D6-ABDC-9943EFD15EEE}.Release|x64.ActiveCfg = Release|x64
		{55A26A26-BFFF-43D6-ABDC-9943EFD15EEE}.Release|x64.Build.0 = Release|x64
		{D39AE252-EC74-4D66-A3DD-F8C0F02B08F8}.Debug|Win32.ActiveCfg = Debug|Win32
		{D39AE252-EC74-4D66-A3DD-F8C0F02B08F8}.Debug|Win32.Build.0 = Debug|Win32
		{D39AE252-EC74-4D66-A3DD-F8C0F02B08F8}.Debug|x64.ActiveCfg = Debug|x64
		{D39AE252-EC74-4D66-A3DD-F8C0F02B08F8}.Debug|x64.Build.0 = Debug|x64
		{D39AE252-EC74-4D66-A3DD-F8C0F02B08F8}.Release|Win32.ActiveCfg = Release|Win32
		{D39AE252-EC74-4D66-A3DD-F8C0F02B08F8}.Release|Win32.Build.0 = Release|Win32
		{D39AE252-EC74-4D66-A3DD-F8C0F02B08F8}.Release|x64.ActiveCfg = Release|x64
		{D39AE252-EC74-4D66-A3DD-F8C0F02B08F8}.Release|x64.Build.0 = Release|x64
		{881FCA30-43D9-496B-AAE2-1BC185261A40}.Debug|Win32.ActiveCfg = Debug|Win32
		{881FCA30-43D9-496B-AAE2-1BC185261A40}.Debug|Win32.Build.0 = Debug|Win32
		{881FCA30-43D9-496B-AAE2-1BC185261A40}.Debug|x64.ActiveCfg = Debug|x64
		{881FCA30-43D9-496B-AAE2-1BC185261A40}.Debug|x64.Build.0 = Debug|x64
		{881FCA30-43D9-496B-AAE2-1BC185261A40}.Release|Win32.ActiveCfg = Release|Win32
		{881FCA30-43D9-496B-AAE2-1BC185261A40}.Release|Win32.Build.0 = Release|Win32
		{881FCA30-43D9-496B-AAE2-1BC185261A40}.Release|x64.ActiveCfg = Release|x64
		{881FCA30-43D9-496B-AAE2-1BC185261A40}.Release|x64.Build.0 = Release|x64
		{8DFDB876-4FF8-47D4-889C-CD52F7E95783}.Debug|Win32.ActiveCfg = Debug|Win32
		{8DFDB876-4FF8-47D4-889C-CD52F7E95783}.Debug|Win32.Build.0 = Debug|Win32
		{8DFDB876-4FF8-47D4-889C-CD52F7E95783}.Debug|x64.ActiveCfg = Debug|x64
		{8DFDB876-4FF8-47D4-889C-CD52F7E95783}.Debug|x64.Build.0 = Debug|x64
		{8DFDB876-4FF8-47D4-889C-CD52F7E95783}.Release|Win32.ActiveCfg = Release|Win32
		{8DFDB876-4FF8-47D4-889C-CD52F7E95783}.Release|Win32.Build.0 = Release|Win32
		{8DFDB876-4FF8-47D4-889C-CD52F7E95783}.Release|x64.ActiveCfg = Release|x64
		{8DFDB876-4FF8-47D4-889C-CD52F7E95783}.Release|x64.Build.0 = Release|x64
		{9D0B74EF-FE2A-4275-A7AF-0E7ED6A288CD}.Debug|Win32.ActiveCfg = Debug|Win32
		{9D0B74EF-FE2A-4275-A7AF-0E7ED6A288CD}.Debug|Win32.Build.0 = Debug|Win32
		{9D0B74EF-FE2A-4275-A7AF-0E7ED6A288CD}.Debug|x64.ActiveCfg = Debug|x64
		{9D0B74EF-FE2A-4275-A7AF-0E7ED6A288CD}.Debug|x64.Build.0 = Debug|x64
		{9D0B74EF-FE2A-4275-A7AF-0E7ED6A288CD}.Release|Win32.ActiveCfg = Release|Win32
		{9D0B74EF-FE2A-4275-A7AF-0E7ED6A288CD}.Release|Win32.Build.0 = Release|Win32
		{9D0B74EF-FE2A-4275-A7AF-0E7ED6A288CD}.Release|x64.ActiveCfg = Release|x64
		{9D0B74EF-FE2A-4275-A7AF-0E7ED6A288CD}.Release|x64.Build.0 = Release|x64
		{BF0CFF05-9961-4278-8497-2119FAC2C5F6}.Debug|Win32.ActiveCfg = Debug|Win32
		{BF0CFF05-9961-4278-8497-2119FAC2C5F6}.Debug|Win32.Build.0 = Debug|Win32
		{BF0CFF05-9961-4278-8497-2119FAC2C5F6}.Debug|x64.ActiveCfg = Debug|x64
		{BF0CFF05-9961-4278-8497-2119FAC2C5F6}.Debug|x64.Build.0 = Debug|x64
		{BF0CFF05-9961-4278-8497-2119FAC2C5F6}.Release|Win32.ActiveCfg = Release|Win32
		{BF0CFF05-9961-4278-8497-2119FAC2C5F6}.Release|Win32.Build.0 = Release|Win32
		{BF0CFF05-9961-4278-8497-2119FAC2C5F6}.Release|x64.ActiveCfg = Release|x64
		{BF0CFF05-9961-4278-8497-2119FAC2C5F6}.Release|x64.Build.0 = Release|x64
		{504C874C-DCBB-4EB2-B4DA-C4C33CF447D5}.Debug|Win32.ActiveCfg = Debug|Win32
		{504C874C-DCBB-4EB2-B4DA-C4C33CF447D5}.Debug|Win32.Build.0 = Debug|Win32
		{504C874C-DCBB-4EB2-B4DA-C4C33CF447D5}.Debug|x64.ActiveCfg = Debug|x64
		{504C874C-DCBB-4EB2-B4DA-C4C33CF447D5}.Debug|x64.Build.0 = Debug|x64
		{504C874C-DCBB-4EB2-B4DA-C4C33CF447D5}.Release|Win32.ActiveCfg = Release|Win32
		{504C874C-DCBB-4EB2-B4DA-C4C33CF447D5}.Release|Win32.Build.0 = Release|Win32
		{504C874C-DCBB-4EB2-B4DA-C4C33CF447D5}.Release|x64.ActiveCfg = Release|x64
		{504C874C-DCBB-4EB2-B4DA-C4C33CF447D5}.Release|x64.Build.0 = Release|x64
		{BBDAC591-89D6-4BE7-AF2B-A60D83F1801B}.Debug|Win32.ActiveCfg = Debug|Win32
		{BBDAC591-89D6-4BE7-AF2B-A60D83F1801B}.Debug|Win32.Build.0 = Debug|Win32
		{BBDAC591-89D6-4BE7-AF2B-A60D83F1801B}.Debug|x64.ActiveCfg = Debug|x64
		{BBDAC591-89D6-4BE7-AF2B-A60D83F1801B}.Debug|x64.Build.0 = Debug|x64
		{BBDAC591-89D6-4BE7-AF2B-A60D83F1801B}.Release|Win32.ActiveCfg = Release|Win32
		{BBDAC591-89D6-4BE7-AF2B-A60D83F1801B}.Release|Win32.Build.0 = Release|Win32
		{BBDAC591-89D6-4BE7-AF2B-A60D83F1801B}.Release|x64.ActiveCfg = Release|x64
		{BBDAC591-89D6-4BE7-AF2B-A60D83F1801B}.Release|x64.Build.0 = Release|x64
	EndGlobalSection
	GlobalSection(SolutionProperties) = preSolution
		HideSolutionNode = FALSE
	EndGlobalSection
	GlobalSection(NestedProjects) = preSolution
		{D39AE252-EC74-4D66-A3DD-F8C0F02B08F8} = {36FD5AD6-51BC-4DFC-8BA2-916062D2877F}
		{881FCA30-43D9-496B-AAE2-1BC185261A40} = {36FD5AD6-51BC-4DFC-8BA2-916062D2877F}
		{8DFDB876-4FF8-47D4-889C-CD52F7E95783} = {36FD5AD6-51BC-4DFC-8BA2-916062D2877F}
		{9D0B74EF-FE2A-4275-A7AF-0E7ED6A288CD} = {36FD5AD6-51BC-4DFC-8BA2-916062D2877F}
		{BF0CFF05-9961-4278-8497-2119FAC2C5F6} = {36FD5AD6-51BC-4DFC-8BA2-916062D2877F}
		{504C874C-DCBB-4EB2-B4DA-C4C33CF447D5} = {36FD5AD6-51BC-4DFC-8BA2-916062D2877F}
		{BBDAC591-89D6-4BE7-AF2B-A60D83F1801B} = {F290C991-7569-4A66-914A-598D8DAFC241}
	EndGlobalSection
EndGlobal
