<?xml version="1.0" encoding="utf-8"?>
<Project ToolsVersion="4.0" xmlns="http://schemas.microsoft.com/developer/msbuild/2003">
  <ItemGroup>
    <Filter Include="Source Files">
      <UniqueIdentifier>{4FC737F1-C7A5-4376-A066-2A32D752A2FF}</UniqueIdentifier>
      <Extensions>cpp;c;cc;cxx;def;odl;idl;hpj;bat;asm;asmx</Extensions>
    </Filter>
    <Filter Include="Header Files">
      <UniqueIdentifier>{93995380-89BD-4b04-88EB-625FBE52EBFB}</UniqueIdentifier>
      <Extensions>h;hh;hpp;hxx;hm;inl;inc;xsd</Extensions>
    </Filter>
    <Filter Include="Resource Files">
      <UniqueIdentifier>{67DA6AB6-F800-4c08-8B7A-83BB121AAD01}</UniqueIdentifier>
      <Extensions>rc;ico;cur;bmp;dlg;rc2;rct;bin;rgs;gif;jpg;jpeg;jpe;resx;tiff;tif;png;wav;mfcribbon-ms</Extensions>
    </Filter>
    <Filter Include="Bullet">
      <UniqueIdentifier>{b8310134-47d6-4534-8743-5860aa880c93}</UniqueIdentifier>
    </Filter>
    <Filter Include="Bullet\BulletCollision">
      <UniqueIdentifier>{dcb411cc-afba-4785-9a15-c3cdeec896a8}</UniqueIdentifier>
    </Filter>
    <Filter Include="Bullet\BulletCollision\BroadphaseCollision">
      <UniqueIdentifier>{b1bccf1e-28ce-45f0-9f7b-9d2ce59d5ab9}</UniqueIdentifier>
    </Filter>
    <Filter Include="Bullet\BulletCollision\CollisionDispatch">
      <UniqueIdentifier>{f7b65d40-5ff3-4743-91ff-8c41552eea59}</UniqueIdentifier>
    </Filter>
    <Filter Include="Bullet\BulletCollision\CollisionShapes">
      <UniqueIdentifier>{63cf637a-9c28-451a-bd18-2a382468e59b}</UniqueIdentifier>
    </Filter>
    <Filter Include="Bullet\BulletCollision\Gimpact">
      <UniqueIdentifier>{22c14bf6-f2d4-4750-a310-6fb5d8eac78a}</UniqueIdentifier>
    </Filter>
    <Filter Include="Bullet\BulletCollision\NarrowPhaseCollision">
      <UniqueIdentifier>{58e6df20-98c4-4618-a5bd-f456fe93f754}</UniqueIdentifier>
    </Filter>
    <Filter Include="Bullet\BulletDynamics">
      <UniqueIdentifier>{81b05a79-e930-4a69-9493-b7609d2e4071}</UniqueIdentifier>
    </Filter>
    <Filter Include="Bullet\BulletDynamics\Character">
      <UniqueIdentifier>{d4b9c29c-eebc-41a7-a802-d20e5575e484}</UniqueIdentifier>
    </Filter>
    <Filter Include="Bullet\BulletDynamics\ConstraintSolver">
      <UniqueIdentifier>{72fe1c0a-b6ee-4420-8092-703c072507be}</UniqueIdentifier>
    </Filter>
    <Filter Include="Bullet\BulletDynamics\Dynamics">
      <UniqueIdentifier>{0837d2cd-c473-4f43-b122-0658a9519e1a}</UniqueIdentifier>
    </Filter>
    <Filter Include="Bullet\BulletDynamics\Featherstone">
      <UniqueIdentifier>{8df59f11-a315-4b66-a6cf-5271c9aeb19d}</UniqueIdentifier>
    </Filter>
    <Filter Include="Bullet\BulletDynamics\MLCPSolvers">
      <UniqueIdentifier>{1749b976-5b87-4986-9de4-6d2ee2fc30d9}</UniqueIdentifier>
    </Filter>
    <Filter Include="Bullet\BulletDynamics\Vehicle">
      <UniqueIdentifier>{a8963f22-1de9-4d82-83d5-82e4dd5c2518}</UniqueIdentifier>
    </Filter>
    <Filter Include="Bullet\BulletMultiThreaded">
      <UniqueIdentifier>{8c3568c3-1b28-4104-a634-c738539c8063}</UniqueIdentifier>
    </Filter>
    <Filter Include="Bullet\BulletMultiThreaded\GpuSoftBodySolvers">
      <UniqueIdentifier>{2ef6c1e2-bc3f-43e2-af1a-a6836b4ed562}</UniqueIdentifier>
    </Filter>
    <Filter Include="Bullet\BulletMultiThreaded\GpuSoftBodySolvers\Shared">
      <UniqueIdentifier>{8d175078-b90f-4136-8835-7b37ca9774b7}</UniqueIdentifier>
    </Filter>
    <Filter Include="Bullet\BulletMultiThreaded\SpuNarrowPhaseCollisionTask">
      <UniqueIdentifier>{4f857542-9832-4607-9134-3857c662b338}</UniqueIdentifier>
    </Filter>
    <Filter Include="Bullet\BulletMultiThreaded\SpuSampleTask">
      <UniqueIdentifier>{489946b6-8676-476f-a451-b7b18b89dba6}</UniqueIdentifier>
    </Filter>
    <Filter Include="Bullet\BulletSoftBody">
      <UniqueIdentifier>{28da757f-bf1c-4293-a300-edea9efc7af4}</UniqueIdentifier>
    </Filter>
    <Filter Include="Bullet\LinearMath">
      <UniqueIdentifier>{e5d32c59-6577-404a-9a23-c61186b170f2}</UniqueIdentifier>
    </Filter>
    <Filter Include="Bullet\MiniCL">
      <UniqueIdentifier>{f9eaf2b7-67f8-4a5c-9fd1-f9999d05c821}</UniqueIdentifier>
    </Filter>
    <Filter Include="Bullet\MiniCL\MiniCLTask">
      <UniqueIdentifier>{cf852511-faca-4f6c-b1de-b25129fb0670}</UniqueIdentifier>
    </Filter>
    <Filter Include="Bullet\vectormath">
      <UniqueIdentifier>{ad1b1e73-0508-4b35-ab85-8bcb3ba1af6f}</UniqueIdentifier>
    </Filter>
    <Filter Include="Bullet\vectormath\neon">
      <UniqueIdentifier>{2ff1dfb0-159c-4b9c-8fda-ca33d2d507cb}</UniqueIdentifier>
    </Filter>
    <Filter Include="Bullet\vectormath\scalar">
      <UniqueIdentifier>{ab4ed205-e163-478e-a133-f1cab3716380}</UniqueIdentifier>
    </Filter>
    <Filter Include="Bullet\vectormath\sse">
      <UniqueIdentifier>{42d48946-04a0-4aff-b126-c02f622d98d5}</UniqueIdentifier>
    </Filter>
  </ItemGroup>
  <ItemGroup>
    <Text Include="ReadMe.txt" />
    <Text Include="Bullet\BulletMultiThreaded\SpuNarrowPhaseCollisionTask\readme.txt">
      <Filter>Bullet\BulletMultiThreaded\SpuNarrowPhaseCollisionTask</Filter>
    </Text>
    <Text Include="Bullet\BulletMultiThreaded\SpuSampleTask\readme.txt">
      <Filter>Bullet\BulletMultiThreaded\SpuSampleTask</Filter>
    </Text>
    <Text Include="Bullet\BulletSoftBody\CMakeLists.txt">
      <Filter>Bullet\BulletSoftBody</Filter>
    </Text>
    <Text Include="Bullet\LinearMath\CMakeLists.txt">
      <Filter>Bullet\LinearMath</Filter>
    </Text>
    <Text Include="Bullet\BulletMultiThreaded\CMakeLists.txt">
      <Filter>Bullet\BulletMultiThreaded</Filter>
    </Text>
  </ItemGroup>
  <ItemGroup>
    <ClInclude Include="stdafx.h">
      <Filter>Header Files</Filter>
    </ClInclude>
    <ClInclude Include="targetver.h">
      <Filter>Header Files</Filter>
    </ClInclude>
    <ClInclude Include="GLDebugDraw.h">
      <Filter>Header Files</Filter>
    </ClInclude>
    <ClInclude Include="Bullet\BulletCollision\BroadphaseCollision\btAxisSweep3.h">
      <Filter>Bullet\BulletCollision\BroadphaseCollision</Filter>
    </ClInclude>
    <ClInclude Include="Bullet\BulletCollision\BroadphaseCollision\btBroadphaseInterface.h">
      <Filter>Bullet\BulletCollision\BroadphaseCollision</Filter>
    </ClInclude>
    <ClInclude Include="Bullet\BulletCollision\BroadphaseCollision\btBroadphaseProxy.h">
      <Filter>Bullet\BulletCollision\BroadphaseCollision</Filter>
    </ClInclude>
    <ClInclude Include="Bullet\BulletCollision\BroadphaseCollision\btCollisionAlgorithm.h">
      <Filter>Bullet\BulletCollision\BroadphaseCollision</Filter>
    </ClInclude>
    <ClInclude Include="Bullet\BulletCollision\BroadphaseCollision\btDbvt.h">
      <Filter>Bullet\BulletCollision\BroadphaseCollision</Filter>
    </ClInclude>
    <ClInclude Include="Bullet\BulletCollision\BroadphaseCollision\btDbvtBroadphase.h">
      <Filter>Bullet\BulletCollision\BroadphaseCollision</Filter>
    </ClInclude>
    <ClInclude Include="Bullet\BulletCollision\BroadphaseCollision\btDispatcher.h">
      <Filter>Bullet\BulletCollision\BroadphaseCollision</Filter>
    </ClInclude>
    <ClInclude Include="Bullet\BulletCollision\BroadphaseCollision\btMultiSapBroadphase.h">
      <Filter>Bullet\BulletCollision\BroadphaseCollision</Filter>
    </ClInclude>
    <ClInclude Include="Bullet\BulletCollision\BroadphaseCollision\btOverlappingPairCache.h">
      <Filter>Bullet\BulletCollision\BroadphaseCollision</Filter>
    </ClInclude>
    <ClInclude Include="Bullet\BulletCollision\BroadphaseCollision\btOverlappingPairCallback.h">
      <Filter>Bullet\BulletCollision\BroadphaseCollision</Filter>
    </ClInclude>
    <ClInclude Include="Bullet\BulletCollision\BroadphaseCollision\btQuantizedBvh.h">
      <Filter>Bullet\BulletCollision\BroadphaseCollision</Filter>
    </ClInclude>
    <ClInclude Include="Bullet\BulletCollision\BroadphaseCollision\btSimpleBroadphase.h">
      <Filter>Bullet\BulletCollision\BroadphaseCollision</Filter>
    </ClInclude>
    <ClInclude Include="Bullet\BulletCollision\CollisionDispatch\btActivatingCollisionAlgorithm.h">
      <Filter>Bullet\BulletCollision\CollisionDispatch</Filter>
    </ClInclude>
    <ClInclude Include="Bullet\BulletCollision\CollisionDispatch\btBox2dBox2dCollisionAlgorithm.h">
      <Filter>Bullet\BulletCollision\CollisionDispatch</Filter>
    </ClInclude>
    <ClInclude Include="Bullet\BulletCollision\CollisionDispatch\btBoxBoxCollisionAlgorithm.h">
      <Filter>Bullet\BulletCollision\CollisionDispatch</Filter>
    </ClInclude>
    <ClInclude Include="Bullet\BulletCollision\CollisionDispatch\btBoxBoxDetector.h">
      <Filter>Bullet\BulletCollision\CollisionDispatch</Filter>
    </ClInclude>
    <ClInclude Include="Bullet\BulletCollision\CollisionDispatch\btCollisionConfiguration.h">
      <Filter>Bullet\BulletCollision\CollisionDispatch</Filter>
    </ClInclude>
    <ClInclude Include="Bullet\BulletCollision\CollisionDispatch\btCollisionCreateFunc.h">
      <Filter>Bullet\BulletCollision\CollisionDispatch</Filter>
    </ClInclude>
    <ClInclude Include="Bullet\BulletCollision\CollisionDispatch\btCollisionDispatcher.h">
      <Filter>Bullet\BulletCollision\CollisionDispatch</Filter>
    </ClInclude>
    <ClInclude Include="Bullet\BulletCollision\CollisionDispatch\btCollisionObject.h">
      <Filter>Bullet\BulletCollision\CollisionDispatch</Filter>
    </ClInclude>
    <ClInclude Include="Bullet\BulletCollision\CollisionDispatch\btCollisionObjectWrapper.h">
      <Filter>Bullet\BulletCollision\CollisionDispatch</Filter>
    </ClInclude>
    <ClInclude Include="Bullet\BulletCollision\CollisionDispatch\btCollisionWorld.h">
      <Filter>Bullet\BulletCollision\CollisionDispatch</Filter>
    </ClInclude>
    <ClInclude Include="Bullet\BulletCollision\CollisionDispatch\btCompoundCollisionAlgorithm.h">
      <Filter>Bullet\BulletCollision\CollisionDispatch</Filter>
    </ClInclude>
    <ClInclude Include="Bullet\BulletCollision\CollisionDispatch\btCompoundCompoundCollisionAlgorithm.h">
      <Filter>Bullet\BulletCollision\CollisionDispatch</Filter>
    </ClInclude>
    <ClInclude Include="Bullet\BulletCollision\CollisionDispatch\btConvex2dConvex2dAlgorithm.h">
      <Filter>Bullet\BulletCollision\CollisionDispatch</Filter>
    </ClInclude>
    <ClInclude Include="Bullet\BulletCollision\CollisionDispatch\btConvexConcaveCollisionAlgorithm.h">
      <Filter>Bullet\BulletCollision\CollisionDispatch</Filter>
    </ClInclude>
    <ClInclude Include="Bullet\BulletCollision\CollisionDispatch\btConvexConvexAlgorithm.h">
      <Filter>Bullet\BulletCollision\CollisionDispatch</Filter>
    </ClInclude>
    <ClInclude Include="Bullet\BulletCollision\CollisionDispatch\btConvexPlaneCollisionAlgorithm.h">
      <Filter>Bullet\BulletCollision\CollisionDispatch</Filter>
    </ClInclude>
    <ClInclude Include="Bullet\BulletCollision\CollisionDispatch\btDefaultCollisionConfiguration.h">
      <Filter>Bullet\BulletCollision\CollisionDispatch</Filter>
    </ClInclude>
    <ClInclude Include="Bullet\BulletCollision\CollisionDispatch\btEmptyCollisionAlgorithm.h">
      <Filter>Bullet\BulletCollision\CollisionDispatch</Filter>
    </ClInclude>
    <ClInclude Include="Bullet\BulletCollision\CollisionDispatch\btGhostObject.h">
      <Filter>Bullet\BulletCollision\CollisionDispatch</Filter>
    </ClInclude>
    <ClInclude Include="Bullet\BulletCollision\CollisionDispatch\btHashedSimplePairCache.h">
      <Filter>Bullet\BulletCollision\CollisionDispatch</Filter>
    </ClInclude>
    <ClInclude Include="Bullet\BulletCollision\CollisionDispatch\btInternalEdgeUtility.h">
      <Filter>Bullet\BulletCollision\CollisionDispatch</Filter>
    </ClInclude>
    <ClInclude Include="Bullet\BulletCollision\CollisionDispatch\btManifoldResult.h">
      <Filter>Bullet\BulletCollision\CollisionDispatch</Filter>
    </ClInclude>
    <ClInclude Include="Bullet\BulletCollision\CollisionDispatch\btSimulationIslandManager.h">
      <Filter>Bullet\BulletCollision\CollisionDispatch</Filter>
    </ClInclude>
    <ClInclude Include="Bullet\BulletCollision\CollisionDispatch\btSphereBoxCollisionAlgorithm.h">
      <Filter>Bullet\BulletCollision\CollisionDispatch</Filter>
    </ClInclude>
    <ClInclude Include="Bullet\BulletCollision\CollisionDispatch\btSphereSphereCollisionAlgorithm.h">
      <Filter>Bullet\BulletCollision\CollisionDispatch</Filter>
    </ClInclude>
    <ClInclude Include="Bullet\BulletCollision\CollisionDispatch\btSphereTriangleCollisionAlgorithm.h">
      <Filter>Bullet\BulletCollision\CollisionDispatch</Filter>
    </ClInclude>
    <ClInclude Include="Bullet\BulletCollision\CollisionDispatch\btUnionFind.h">
      <Filter>Bullet\BulletCollision\CollisionDispatch</Filter>
    </ClInclude>
    <ClInclude Include="Bullet\BulletCollision\CollisionDispatch\SphereTriangleDetector.h">
      <Filter>Bullet\BulletCollision\CollisionDispatch</Filter>
    </ClInclude>
    <ClInclude Include="Bullet\BulletCollision\CollisionShapes\btBox2dShape.h">
      <Filter>Bullet\BulletCollision\CollisionShapes</Filter>
    </ClInclude>
    <ClInclude Include="Bullet\BulletCollision\CollisionShapes\btBoxShape.h">
      <Filter>Bullet\BulletCollision\CollisionShapes</Filter>
    </ClInclude>
    <ClInclude Include="Bullet\BulletCollision\CollisionShapes\btBvhTriangleMeshShape.h">
      <Filter>Bullet\BulletCollision\CollisionShapes</Filter>
    </ClInclude>
    <ClInclude Include="Bullet\BulletCollision\CollisionShapes\btCapsuleShape.h">
      <Filter>Bullet\BulletCollision\CollisionShapes</Filter>
    </ClInclude>
    <ClInclude Include="Bullet\BulletCollision\CollisionShapes\btCollisionMargin.h">
      <Filter>Bullet\BulletCollision\CollisionShapes</Filter>
    </ClInclude>
    <ClInclude Include="Bullet\BulletCollision\CollisionShapes\btCollisionShape.h">
      <Filter>Bullet\BulletCollision\CollisionShapes</Filter>
    </ClInclude>
    <ClInclude Include="Bullet\BulletCollision\CollisionShapes\btCompoundShape.h">
      <Filter>Bullet\BulletCollision\CollisionShapes</Filter>
    </ClInclude>
    <ClInclude Include="Bullet\BulletCollision\CollisionShapes\btConcaveShape.h">
      <Filter>Bullet\BulletCollision\CollisionShapes</Filter>
    </ClInclude>
    <ClInclude Include="Bullet\BulletCollision\CollisionShapes\btConeShape.h">
      <Filter>Bullet\BulletCollision\CollisionShapes</Filter>
    </ClInclude>
    <ClInclude Include="Bullet\BulletCollision\CollisionShapes\btConvex2dShape.h">
      <Filter>Bullet\BulletCollision\CollisionShapes</Filter>
    </ClInclude>
    <ClInclude Include="Bullet\BulletCollision\CollisionShapes\btConvexHullShape.h">
      <Filter>Bullet\BulletCollision\CollisionShapes</Filter>
    </ClInclude>
    <ClInclude Include="Bullet\BulletCollision\CollisionShapes\btConvexInternalShape.h">
      <Filter>Bullet\BulletCollision\CollisionShapes</Filter>
    </ClInclude>
    <ClInclude Include="Bullet\BulletCollision\CollisionShapes\btConvexPointCloudShape.h">
      <Filter>Bullet\BulletCollision\CollisionShapes</Filter>
    </ClInclude>
    <ClInclude Include="Bullet\BulletCollision\CollisionShapes\btConvexPolyhedron.h">
      <Filter>Bullet\BulletCollision\CollisionShapes</Filter>
    </ClInclude>
    <ClInclude Include="Bullet\BulletCollision\CollisionShapes\btConvexShape.h">
      <Filter>Bullet\BulletCollision\CollisionShapes</Filter>
    </ClInclude>
    <ClInclude Include="Bullet\BulletCollision\CollisionShapes\btConvexTriangleMeshShape.h">
      <Filter>Bullet\BulletCollision\CollisionShapes</Filter>
    </ClInclude>
    <ClInclude Include="Bullet\BulletCollision\CollisionShapes\btCylinderShape.h">
      <Filter>Bullet\BulletCollision\CollisionShapes</Filter>
    </ClInclude>
    <ClInclude Include="Bullet\BulletCollision\CollisionShapes\btEmptyShape.h">
      <Filter>Bullet\BulletCollision\CollisionShapes</Filter>
    </ClInclude>
    <ClInclude Include="Bullet\BulletCollision\CollisionShapes\btHeightfieldTerrainShape.h">
      <Filter>Bullet\BulletCollision\CollisionShapes</Filter>
    </ClInclude>
    <ClInclude Include="Bullet\BulletCollision\CollisionShapes\btMaterial.h">
      <Filter>Bullet\BulletCollision\CollisionShapes</Filter>
    </ClInclude>
    <ClInclude Include="Bullet\BulletCollision\CollisionShapes\btMinkowskiSumShape.h">
      <Filter>Bullet\BulletCollision\CollisionShapes</Filter>
    </ClInclude>
    <ClInclude Include="Bullet\BulletCollision\CollisionShapes\btMultimaterialTriangleMeshShape.h">
      <Filter>Bullet\BulletCollision\CollisionShapes</Filter>
    </ClInclude>
    <ClInclude Include="Bullet\BulletCollision\CollisionShapes\btMultiSphereShape.h">
      <Filter>Bullet\BulletCollision\CollisionShapes</Filter>
    </ClInclude>
    <ClInclude Include="Bullet\BulletCollision\CollisionShapes\btOptimizedBvh.h">
      <Filter>Bullet\BulletCollision\CollisionShapes</Filter>
    </ClInclude>
    <ClInclude Include="Bullet\BulletCollision\CollisionShapes\btPolyhedralConvexShape.h">
      <Filter>Bullet\BulletCollision\CollisionShapes</Filter>
    </ClInclude>
    <ClInclude Include="Bullet\BulletCollision\CollisionShapes\btScaledBvhTriangleMeshShape.h">
      <Filter>Bullet\BulletCollision\CollisionShapes</Filter>
    </ClInclude>
    <ClInclude Include="Bullet\BulletCollision\CollisionShapes\btShapeHull.h">
      <Filter>Bullet\BulletCollision\CollisionShapes</Filter>
    </ClInclude>
    <ClInclude Include="Bullet\BulletCollision\CollisionShapes\btSphereShape.h">
      <Filter>Bullet\BulletCollision\CollisionShapes</Filter>
    </ClInclude>
    <ClInclude Include="Bullet\BulletCollision\CollisionShapes\btStaticPlaneShape.h">
      <Filter>Bullet\BulletCollision\CollisionShapes</Filter>
    </ClInclude>
    <ClInclude Include="Bullet\BulletCollision\CollisionShapes\btStridingMeshInterface.h">
      <Filter>Bullet\BulletCollision\CollisionShapes</Filter>
    </ClInclude>
    <ClInclude Include="Bullet\BulletCollision\CollisionShapes\btTetrahedronShape.h">
      <Filter>Bullet\BulletCollision\CollisionShapes</Filter>
    </ClInclude>
    <ClInclude Include="Bullet\BulletCollision\CollisionShapes\btTriangleBuffer.h">
      <Filter>Bullet\BulletCollision\CollisionShapes</Filter>
    </ClInclude>
    <ClInclude Include="Bullet\BulletCollision\CollisionShapes\btTriangleCallback.h">
      <Filter>Bullet\BulletCollision\CollisionShapes</Filter>
    </ClInclude>
    <ClInclude Include="Bullet\BulletCollision\CollisionShapes\btTriangleIndexVertexArray.h">
      <Filter>Bullet\BulletCollision\CollisionShapes</Filter>
    </ClInclude>
    <ClInclude Include="Bullet\BulletCollision\CollisionShapes\btTriangleIndexVertexMaterialArray.h">
      <Filter>Bullet\BulletCollision\CollisionShapes</Filter>
    </ClInclude>
    <ClInclude Include="Bullet\BulletCollision\CollisionShapes\btTriangleInfoMap.h">
      <Filter>Bullet\BulletCollision\CollisionShapes</Filter>
    </ClInclude>
    <ClInclude Include="Bullet\BulletCollision\CollisionShapes\btTriangleMesh.h">
      <Filter>Bullet\BulletCollision\CollisionShapes</Filter>
    </ClInclude>
    <ClInclude Include="Bullet\BulletCollision\CollisionShapes\btTriangleMeshShape.h">
      <Filter>Bullet\BulletCollision\CollisionShapes</Filter>
    </ClInclude>
    <ClInclude Include="Bullet\BulletCollision\CollisionShapes\btTriangleShape.h">
      <Filter>Bullet\BulletCollision\CollisionShapes</Filter>
    </ClInclude>
    <ClInclude Include="Bullet\BulletCollision\CollisionShapes\btUniformScalingShape.h">
      <Filter>Bullet\BulletCollision\CollisionShapes</Filter>
    </ClInclude>
    <ClInclude Include="Bullet\BulletCollision\Gimpact\btBoxCollision.h">
      <Filter>Bullet\BulletCollision\Gimpact</Filter>
    </ClInclude>
    <ClInclude Include="Bullet\BulletCollision\Gimpact\btClipPolygon.h">
      <Filter>Bullet\BulletCollision\Gimpact</Filter>
    </ClInclude>
    <ClInclude Include="Bullet\BulletCollision\Gimpact\btCompoundFromGimpact.h">
      <Filter>Bullet\BulletCollision\Gimpact</Filter>
    </ClInclude>
    <ClInclude Include="Bullet\BulletCollision\Gimpact\btContactProcessing.h">
      <Filter>Bullet\BulletCollision\Gimpact</Filter>
    </ClInclude>
    <ClInclude Include="Bullet\BulletCollision\Gimpact\btGenericPoolAllocator.h">
      <Filter>Bullet\BulletCollision\Gimpact</Filter>
    </ClInclude>
    <ClInclude Include="Bullet\BulletCollision\Gimpact\btGeometryOperations.h">
      <Filter>Bullet\BulletCollision\Gimpact</Filter>
    </ClInclude>
    <ClInclude Include="Bullet\BulletCollision\Gimpact\btGImpactBvh.h">
      <Filter>Bullet\BulletCollision\Gimpact</Filter>
    </ClInclude>
    <ClInclude Include="Bullet\BulletCollision\Gimpact\btGImpactCollisionAlgorithm.h">
      <Filter>Bullet\BulletCollision\Gimpact</Filter>
    </ClInclude>
    <ClInclude Include="Bullet\BulletCollision\Gimpact\btGImpactMassUtil.h">
      <Filter>Bullet\BulletCollision\Gimpact</Filter>
    </ClInclude>
    <ClInclude Include="Bullet\BulletCollision\Gimpact\btGImpactQuantizedBvh.h">
      <Filter>Bullet\BulletCollision\Gimpact</Filter>
    </ClInclude>
    <ClInclude Include="Bullet\BulletCollision\Gimpact\btGImpactShape.h">
      <Filter>Bullet\BulletCollision\Gimpact</Filter>
    </ClInclude>
    <ClInclude Include="Bullet\BulletCollision\Gimpact\btQuantization.h">
      <Filter>Bullet\BulletCollision\Gimpact</Filter>
    </ClInclude>
    <ClInclude Include="Bullet\BulletCollision\Gimpact\btTriangleShapeEx.h">
      <Filter>Bullet\BulletCollision\Gimpact</Filter>
    </ClInclude>
    <ClInclude Include="Bullet\BulletCollision\Gimpact\gim_array.h">
      <Filter>Bullet\BulletCollision\Gimpact</Filter>
    </ClInclude>
    <ClInclude Include="Bullet\BulletCollision\Gimpact\gim_basic_geometry_operations.h">
      <Filter>Bullet\BulletCollision\Gimpact</Filter>
    </ClInclude>
    <ClInclude Include="Bullet\BulletCollision\Gimpact\gim_bitset.h">
      <Filter>Bullet\BulletCollision\Gimpact</Filter>
    </ClInclude>
    <ClInclude Include="Bullet\BulletCollision\Gimpact\gim_box_collision.h">
      <Filter>Bullet\BulletCollision\Gimpact</Filter>
    </ClInclude>
    <ClInclude Include="Bullet\BulletCollision\Gimpact\gim_box_set.h">
      <Filter>Bullet\BulletCollision\Gimpact</Filter>
    </ClInclude>
    <ClInclude Include="Bullet\BulletCollision\Gimpact\gim_clip_polygon.h">
      <Filter>Bullet\BulletCollision\Gimpact</Filter>
    </ClInclude>
    <ClInclude Include="Bullet\BulletCollision\Gimpact\gim_contact.h">
      <Filter>Bullet\BulletCollision\Gimpact</Filter>
    </ClInclude>
    <ClInclude Include="Bullet\BulletCollision\Gimpact\gim_geom_types.h">
      <Filter>Bullet\BulletCollision\Gimpact</Filter>
    </ClInclude>
    <ClInclude Include="Bullet\BulletCollision\Gimpact\gim_geometry.h">
      <Filter>Bullet\BulletCollision\Gimpact</Filter>
    </ClInclude>
    <ClInclude Include="Bullet\BulletCollision\Gimpact\gim_hash_table.h">
      <Filter>Bullet\BulletCollision\Gimpact</Filter>
    </ClInclude>
    <ClInclude Include="Bullet\BulletCollision\Gimpact\gim_linear_math.h">
      <Filter>Bullet\BulletCollision\Gimpact</Filter>
    </ClInclude>
    <ClInclude Include="Bullet\BulletCollision\Gimpact\gim_math.h">
      <Filter>Bullet\BulletCollision\Gimpact</Filter>
    </ClInclude>
    <ClInclude Include="Bullet\BulletCollision\Gimpact\gim_memory.h">
      <Filter>Bullet\BulletCollision\Gimpact</Filter>
    </ClInclude>
    <ClInclude Include="Bullet\BulletCollision\Gimpact\gim_radixsort.h">
      <Filter>Bullet\BulletCollision\Gimpact</Filter>
    </ClInclude>
    <ClInclude Include="Bullet\BulletCollision\Gimpact\gim_tri_collision.h">
      <Filter>Bullet\BulletCollision\Gimpact</Filter>
    </ClInclude>
    <ClInclude Include="Bullet\BulletCollision\NarrowPhaseCollision\btContinuousConvexCollision.h">
      <Filter>Bullet\BulletCollision\NarrowPhaseCollision</Filter>
    </ClInclude>
    <ClInclude Include="Bullet\BulletCollision\NarrowPhaseCollision\btConvexCast.h">
      <Filter>Bullet\BulletCollision\NarrowPhaseCollision</Filter>
    </ClInclude>
    <ClInclude Include="Bullet\BulletCollision\NarrowPhaseCollision\btConvexPenetrationDepthSolver.h">
      <Filter>Bullet\BulletCollision\NarrowPhaseCollision</Filter>
    </ClInclude>
    <ClInclude Include="Bullet\BulletCollision\NarrowPhaseCollision\btDiscreteCollisionDetectorInterface.h">
      <Filter>Bullet\BulletCollision\NarrowPhaseCollision</Filter>
    </ClInclude>
    <ClInclude Include="Bullet\BulletCollision\NarrowPhaseCollision\btGjkConvexCast.h">
      <Filter>Bullet\BulletCollision\NarrowPhaseCollision</Filter>
    </ClInclude>
    <ClInclude Include="Bullet\BulletCollision\NarrowPhaseCollision\btGjkEpa2.h">
      <Filter>Bullet\BulletCollision\NarrowPhaseCollision</Filter>
    </ClInclude>
    <ClInclude Include="Bullet\BulletCollision\NarrowPhaseCollision\btGjkEpaPenetrationDepthSolver.h">
      <Filter>Bullet\BulletCollision\NarrowPhaseCollision</Filter>
    </ClInclude>
    <ClInclude Include="Bullet\BulletCollision\NarrowPhaseCollision\btGjkPairDetector.h">
      <Filter>Bullet\BulletCollision\NarrowPhaseCollision</Filter>
    </ClInclude>
    <ClInclude Include="Bullet\BulletCollision\NarrowPhaseCollision\btManifoldPoint.h">
      <Filter>Bullet\BulletCollision\NarrowPhaseCollision</Filter>
    </ClInclude>
    <ClInclude Include="Bullet\BulletCollision\NarrowPhaseCollision\btMinkowskiPenetrationDepthSolver.h">
      <Filter>Bullet\BulletCollision\NarrowPhaseCollision</Filter>
    </ClInclude>
    <ClInclude Include="Bullet\BulletCollision\NarrowPhaseCollision\btPersistentManifold.h">
      <Filter>Bullet\BulletCollision\NarrowPhaseCollision</Filter>
    </ClInclude>
    <ClInclude Include="Bullet\BulletCollision\NarrowPhaseCollision\btPointCollector.h">
      <Filter>Bullet\BulletCollision\NarrowPhaseCollision</Filter>
    </ClInclude>
    <ClInclude Include="Bullet\BulletCollision\NarrowPhaseCollision\btPolyhedralContactClipping.h">
      <Filter>Bullet\BulletCollision\NarrowPhaseCollision</Filter>
    </ClInclude>
    <ClInclude Include="Bullet\BulletCollision\NarrowPhaseCollision\btRaycastCallback.h">
      <Filter>Bullet\BulletCollision\NarrowPhaseCollision</Filter>
    </ClInclude>
    <ClInclude Include="Bullet\BulletCollision\NarrowPhaseCollision\btSimplexSolverInterface.h">
      <Filter>Bullet\BulletCollision\NarrowPhaseCollision</Filter>
    </ClInclude>
    <ClInclude Include="Bullet\BulletCollision\NarrowPhaseCollision\btSubSimplexConvexCast.h">
      <Filter>Bullet\BulletCollision\NarrowPhaseCollision</Filter>
    </ClInclude>
    <ClInclude Include="Bullet\BulletCollision\NarrowPhaseCollision\btVoronoiSimplexSolver.h">
      <Filter>Bullet\BulletCollision\NarrowPhaseCollision</Filter>
    </ClInclude>
    <ClInclude Include="Bullet\BulletDynamics\Character\btCharacterControllerInterface.h">
      <Filter>Bullet\BulletDynamics\Character</Filter>
    </ClInclude>
    <ClInclude Include="Bullet\BulletDynamics\Character\btKinematicCharacterController.h">
      <Filter>Bullet\BulletDynamics\Character</Filter>
    </ClInclude>
    <ClInclude Include="Bullet\BulletDynamics\ConstraintSolver\btConeTwistConstraint.h">
      <Filter>Bullet\BulletDynamics\ConstraintSolver</Filter>
    </ClInclude>
    <ClInclude Include="Bullet\BulletDynamics\ConstraintSolver\btConstraintSolver.h">
      <Filter>Bullet\BulletDynamics\ConstraintSolver</Filter>
    </ClInclude>
    <ClInclude Include="Bullet\BulletDynamics\ConstraintSolver\btContactConstraint.h">
      <Filter>Bullet\BulletDynamics\ConstraintSolver</Filter>
    </ClInclude>
    <ClInclude Include="Bullet\BulletDynamics\ConstraintSolver\btContactSolverInfo.h">
      <Filter>Bullet\BulletDynamics\ConstraintSolver</Filter>
    </ClInclude>
    <ClInclude Include="Bullet\BulletDynamics\ConstraintSolver\btFixedConstraint.h">
      <Filter>Bullet\BulletDynamics\ConstraintSolver</Filter>
    </ClInclude>
    <ClInclude Include="Bullet\BulletDynamics\ConstraintSolver\btGearConstraint.h">
      <Filter>Bullet\BulletDynamics\ConstraintSolver</Filter>
    </ClInclude>
    <ClInclude Include="Bullet\BulletDynamics\ConstraintSolver\btGeneric6DofConstraint.h">
      <Filter>Bullet\BulletDynamics\ConstraintSolver</Filter>
    </ClInclude>
    <ClInclude Include="Bullet\BulletDynamics\ConstraintSolver\btGeneric6DofSpringConstraint.h">
      <Filter>Bullet\BulletDynamics\ConstraintSolver</Filter>
    </ClInclude>
    <ClInclude Include="Bullet\BulletDynamics\ConstraintSolver\btHinge2Constraint.h">
      <Filter>Bullet\BulletDynamics\ConstraintSolver</Filter>
    </ClInclude>
    <ClInclude Include="Bullet\BulletDynamics\ConstraintSolver\btHingeConstraint.h">
      <Filter>Bullet\BulletDynamics\ConstraintSolver</Filter>
    </ClInclude>
    <ClInclude Include="Bullet\BulletDynamics\ConstraintSolver\btJacobianEntry.h">
      <Filter>Bullet\BulletDynamics\ConstraintSolver</Filter>
    </ClInclude>
    <ClInclude Include="Bullet\BulletDynamics\ConstraintSolver\btPoint2PointConstraint.h">
      <Filter>Bullet\BulletDynamics\ConstraintSolver</Filter>
    </ClInclude>
    <ClInclude Include="Bullet\BulletDynamics\ConstraintSolver\btSequentialImpulseConstraintSolver.h">
      <Filter>Bullet\BulletDynamics\ConstraintSolver</Filter>
    </ClInclude>
    <ClInclude Include="Bullet\BulletDynamics\ConstraintSolver\btSliderConstraint.h">
      <Filter>Bullet\BulletDynamics\ConstraintSolver</Filter>
    </ClInclude>
    <ClInclude Include="Bullet\BulletDynamics\ConstraintSolver\btSolve2LinearConstraint.h">
      <Filter>Bullet\BulletDynamics\ConstraintSolver</Filter>
    </ClInclude>
    <ClInclude Include="Bullet\BulletDynamics\ConstraintSolver\btSolverBody.h">
      <Filter>Bullet\BulletDynamics\ConstraintSolver</Filter>
    </ClInclude>
    <ClInclude Include="Bullet\BulletDynamics\ConstraintSolver\btSolverConstraint.h">
      <Filter>Bullet\BulletDynamics\ConstraintSolver</Filter>
    </ClInclude>
    <ClInclude Include="Bullet\BulletDynamics\ConstraintSolver\btTypedConstraint.h">
      <Filter>Bullet\BulletDynamics\ConstraintSolver</Filter>
    </ClInclude>
    <ClInclude Include="Bullet\BulletDynamics\ConstraintSolver\btUniversalConstraint.h">
      <Filter>Bullet\BulletDynamics\ConstraintSolver</Filter>
    </ClInclude>
    <ClInclude Include="Bullet\BulletDynamics\Dynamics\btActionInterface.h">
      <Filter>Bullet\BulletDynamics\Dynamics</Filter>
    </ClInclude>
    <ClInclude Include="Bullet\BulletDynamics\Dynamics\btDiscreteDynamicsWorld.h">
      <Filter>Bullet\BulletDynamics\Dynamics</Filter>
    </ClInclude>
    <ClInclude Include="Bullet\BulletDynamics\Dynamics\btDynamicsWorld.h">
      <Filter>Bullet\BulletDynamics\Dynamics</Filter>
    </ClInclude>
    <ClInclude Include="Bullet\BulletDynamics\Dynamics\btRigidBody.h">
      <Filter>Bullet\BulletDynamics\Dynamics</Filter>
    </ClInclude>
    <ClInclude Include="Bullet\BulletDynamics\Dynamics\btSimpleDynamicsWorld.h">
      <Filter>Bullet\BulletDynamics\Dynamics</Filter>
    </ClInclude>
    <ClInclude Include="Bullet\BulletDynamics\Featherstone\btMultiBody.h">
      <Filter>Bullet\BulletDynamics\Featherstone</Filter>
    </ClInclude>
    <ClInclude Include="Bullet\BulletDynamics\Featherstone\btMultiBodyConstraint.h">
      <Filter>Bullet\BulletDynamics\Featherstone</Filter>
    </ClInclude>
    <ClInclude Include="Bullet\BulletDynamics\Featherstone\btMultiBodyConstraintSolver.h">
      <Filter>Bullet\BulletDynamics\Featherstone</Filter>
    </ClInclude>
    <ClInclude Include="Bullet\BulletDynamics\Featherstone\btMultiBodyDynamicsWorld.h">
      <Filter>Bullet\BulletDynamics\Featherstone</Filter>
    </ClInclude>
    <ClInclude Include="Bullet\BulletDynamics\Featherstone\btMultiBodyJointLimitConstraint.h">
      <Filter>Bullet\BulletDynamics\Featherstone</Filter>
    </ClInclude>
    <ClInclude Include="Bullet\BulletDynamics\Featherstone\btMultiBodyJointMotor.h">
      <Filter>Bullet\BulletDynamics\Featherstone</Filter>
    </ClInclude>
    <ClInclude Include="Bullet\BulletDynamics\Featherstone\btMultiBodyLink.h">
      <Filter>Bullet\BulletDynamics\Featherstone</Filter>
    </ClInclude>
    <ClInclude Include="Bullet\BulletDynamics\Featherstone\btMultiBodyLinkCollider.h">
      <Filter>Bullet\BulletDynamics\Featherstone</Filter>
    </ClInclude>
    <ClInclude Include="Bullet\BulletDynamics\Featherstone\btMultiBodyPoint2Point.h">
      <Filter>Bullet\BulletDynamics\Featherstone</Filter>
    </ClInclude>
    <ClInclude Include="Bullet\BulletDynamics\Featherstone\btMultiBodySolverConstraint.h">
      <Filter>Bullet\BulletDynamics\Featherstone</Filter>
    </ClInclude>
    <ClInclude Include="Bullet\BulletDynamics\MLCPSolvers\btDantzigLCP.h">
      <Filter>Bullet\BulletDynamics\MLCPSolvers</Filter>
    </ClInclude>
    <ClInclude Include="Bullet\BulletDynamics\MLCPSolvers\btDantzigSolver.h">
      <Filter>Bullet\BulletDynamics\MLCPSolvers</Filter>
    </ClInclude>
    <ClInclude Include="Bullet\BulletDynamics\MLCPSolvers\btMLCPSolver.h">
      <Filter>Bullet\BulletDynamics\MLCPSolvers</Filter>
    </ClInclude>
    <ClInclude Include="Bullet\BulletDynamics\MLCPSolvers\btMLCPSolverInterface.h">
      <Filter>Bullet\BulletDynamics\MLCPSolvers</Filter>
    </ClInclude>
    <ClInclude Include="Bullet\BulletDynamics\MLCPSolvers\btPATHSolver.h">
      <Filter>Bullet\BulletDynamics\MLCPSolvers</Filter>
    </ClInclude>
    <ClInclude Include="Bullet\BulletDynamics\MLCPSolvers\btSolveProjectedGaussSeidel.h">
      <Filter>Bullet\BulletDynamics\MLCPSolvers</Filter>
    </ClInclude>
    <ClInclude Include="Bullet\BulletDynamics\Vehicle\btRaycastVehicle.h">
      <Filter>Bullet\BulletDynamics\Vehicle</Filter>
    </ClInclude>
    <ClInclude Include="Bullet\BulletDynamics\Vehicle\btVehicleRaycaster.h">
      <Filter>Bullet\BulletDynamics\Vehicle</Filter>
    </ClInclude>
    <ClInclude Include="Bullet\BulletDynamics\Vehicle\btWheelInfo.h">
      <Filter>Bullet\BulletDynamics\Vehicle</Filter>
    </ClInclude>
    <ClInclude Include="Bullet\BulletMultiThreaded\GpuSoftBodySolvers\Shared\btSoftBodySolverData.h">
      <Filter>Bullet\BulletMultiThreaded\GpuSoftBodySolvers\Shared</Filter>
    </ClInclude>
    <ClInclude Include="Bullet\BulletMultiThreaded\SpuNarrowPhaseCollisionTask\Box.h">
      <Filter>Bullet\BulletMultiThreaded\SpuNarrowPhaseCollisionTask</Filter>
    </ClInclude>
    <ClInclude Include="Bullet\BulletMultiThreaded\SpuNarrowPhaseCollisionTask\boxBoxDistance.h">
      <Filter>Bullet\BulletMultiThreaded\SpuNarrowPhaseCollisionTask</Filter>
    </ClInclude>
    <ClInclude Include="Bullet\BulletMultiThreaded\SpuNarrowPhaseCollisionTask\SpuCollisionShapes.h">
      <Filter>Bullet\BulletMultiThreaded\SpuNarrowPhaseCollisionTask</Filter>
    </ClInclude>
    <ClInclude Include="Bullet\BulletMultiThreaded\SpuNarrowPhaseCollisionTask\SpuContactResult.h">
      <Filter>Bullet\BulletMultiThreaded\SpuNarrowPhaseCollisionTask</Filter>
    </ClInclude>
    <ClInclude Include="Bullet\BulletMultiThreaded\SpuNarrowPhaseCollisionTask\SpuConvexPenetrationDepthSolver.h">
      <Filter>Bullet\BulletMultiThreaded\SpuNarrowPhaseCollisionTask</Filter>
    </ClInclude>
    <ClInclude Include="Bullet\BulletMultiThreaded\SpuNarrowPhaseCollisionTask\SpuGatheringCollisionTask.h">
      <Filter>Bullet\BulletMultiThreaded\SpuNarrowPhaseCollisionTask</Filter>
    </ClInclude>
    <ClInclude Include="Bullet\BulletMultiThreaded\SpuNarrowPhaseCollisionTask\SpuLocalSupport.h">
      <Filter>Bullet\BulletMultiThreaded\SpuNarrowPhaseCollisionTask</Filter>
    </ClInclude>
    <ClInclude Include="Bullet\BulletMultiThreaded\SpuNarrowPhaseCollisionTask\SpuMinkowskiPenetrationDepthSolver.h">
      <Filter>Bullet\BulletMultiThreaded\SpuNarrowPhaseCollisionTask</Filter>
    </ClInclude>
    <ClInclude Include="Bullet\BulletMultiThreaded\SpuNarrowPhaseCollisionTask\SpuPreferredPenetrationDirections.h">
      <Filter>Bullet\BulletMultiThreaded\SpuNarrowPhaseCollisionTask</Filter>
    </ClInclude>
    <ClInclude Include="Bullet\BulletMultiThreaded\SpuSampleTask\SpuSampleTask.h">
      <Filter>Bullet\BulletMultiThreaded\SpuSampleTask</Filter>
    </ClInclude>
    <ClInclude Include="Bullet\BulletSoftBody\btDefaultSoftBodySolver.h">
      <Filter>Bullet\BulletSoftBody</Filter>
    </ClInclude>
    <ClInclude Include="Bullet\BulletSoftBody\btSoftBody.h">
      <Filter>Bullet\BulletSoftBody</Filter>
    </ClInclude>
    <ClInclude Include="Bullet\BulletSoftBody\btSoftBodyConcaveCollisionAlgorithm.h">
      <Filter>Bullet\BulletSoftBody</Filter>
    </ClInclude>
    <ClInclude Include="Bullet\BulletSoftBody\btSoftBodyData.h">
      <Filter>Bullet\BulletSoftBody</Filter>
    </ClInclude>
    <ClInclude Include="Bullet\BulletSoftBody\btSoftBodyHelpers.h">
      <Filter>Bullet\BulletSoftBody</Filter>
    </ClInclude>
    <ClInclude Include="Bullet\BulletSoftBody\btSoftBodyInternals.h">
      <Filter>Bullet\BulletSoftBody</Filter>
    </ClInclude>
    <ClInclude Include="Bullet\BulletSoftBody\btSoftBodyRigidBodyCollisionConfiguration.h">
      <Filter>Bullet\BulletSoftBody</Filter>
    </ClInclude>
    <ClInclude Include="Bullet\BulletSoftBody\btSoftBodySolvers.h">
      <Filter>Bullet\BulletSoftBody</Filter>
    </ClInclude>
    <ClInclude Include="Bullet\BulletSoftBody\btSoftBodySolverVertexBuffer.h">
      <Filter>Bullet\BulletSoftBody</Filter>
    </ClInclude>
    <ClInclude Include="Bullet\BulletSoftBody\btSoftRigidCollisionAlgorithm.h">
      <Filter>Bullet\BulletSoftBody</Filter>
    </ClInclude>
    <ClInclude Include="Bullet\BulletSoftBody\btSoftRigidDynamicsWorld.h">
      <Filter>Bullet\BulletSoftBody</Filter>
    </ClInclude>
    <ClInclude Include="Bullet\BulletSoftBody\btSoftSoftCollisionAlgorithm.h">
      <Filter>Bullet\BulletSoftBody</Filter>
    </ClInclude>
    <ClInclude Include="Bullet\BulletSoftBody\btSparseSDF.h">
      <Filter>Bullet\BulletSoftBody</Filter>
    </ClInclude>
    <ClInclude Include="Bullet\LinearMath\btAabbUtil2.h">
      <Filter>Bullet\LinearMath</Filter>
    </ClInclude>
    <ClInclude Include="Bullet\LinearMath\btAlignedAllocator.h">
      <Filter>Bullet\LinearMath</Filter>
    </ClInclude>
    <ClInclude Include="Bullet\LinearMath\btAlignedObjectArray.h">
      <Filter>Bullet\LinearMath</Filter>
    </ClInclude>
    <ClInclude Include="Bullet\LinearMath\btConvexHull.h">
      <Filter>Bullet\LinearMath</Filter>
    </ClInclude>
    <ClInclude Include="Bullet\LinearMath\btConvexHullComputer.h">
      <Filter>Bullet\LinearMath</Filter>
    </ClInclude>
    <ClInclude Include="Bullet\LinearMath\btDefaultMotionState.h">
      <Filter>Bullet\LinearMath</Filter>
    </ClInclude>
    <ClInclude Include="Bullet\LinearMath\btGeometryUtil.h">
      <Filter>Bullet\LinearMath</Filter>
    </ClInclude>
    <ClInclude Include="Bullet\LinearMath\btGrahamScan2dConvexHull.h">
      <Filter>Bullet\LinearMath</Filter>
    </ClInclude>
    <ClInclude Include="Bullet\LinearMath\btHashMap.h">
      <Filter>Bullet\LinearMath</Filter>
    </ClInclude>
    <ClInclude Include="Bullet\LinearMath\btIDebugDraw.h">
      <Filter>Bullet\LinearMath</Filter>
    </ClInclude>
    <ClInclude Include="Bullet\LinearMath\btList.h">
      <Filter>Bullet\LinearMath</Filter>
    </ClInclude>
    <ClInclude Include="Bullet\LinearMath\btMatrix3x3.h">
      <Filter>Bullet\LinearMath</Filter>
    </ClInclude>
    <ClInclude Include="Bullet\LinearMath\btMatrixX.h">
      <Filter>Bullet\LinearMath</Filter>
    </ClInclude>
    <ClInclude Include="Bullet\LinearMath\btMinMax.h">
      <Filter>Bullet\LinearMath</Filter>
    </ClInclude>
    <ClInclude Include="Bullet\LinearMath\btMotionState.h">
      <Filter>Bullet\LinearMath</Filter>
    </ClInclude>
    <ClInclude Include="Bullet\LinearMath\btPolarDecomposition.h">
      <Filter>Bullet\LinearMath</Filter>
    </ClInclude>
    <ClInclude Include="Bullet\LinearMath\btPoolAllocator.h">
      <Filter>Bullet\LinearMath</Filter>
    </ClInclude>
    <ClInclude Include="Bullet\LinearMath\btQuadWord.h">
      <Filter>Bullet\LinearMath</Filter>
    </ClInclude>
    <ClInclude Include="Bullet\LinearMath\btQuaternion.h">
      <Filter>Bullet\LinearMath</Filter>
    </ClInclude>
    <ClInclude Include="Bullet\LinearMath\btQuickprof.h">
      <Filter>Bullet\LinearMath</Filter>
    </ClInclude>
    <ClInclude Include="Bullet\LinearMath\btRandom.h">
      <Filter>Bullet\LinearMath</Filter>
    </ClInclude>
    <ClInclude Include="Bullet\LinearMath\btScalar.h">
      <Filter>Bullet\LinearMath</Filter>
    </ClInclude>
    <ClInclude Include="Bullet\LinearMath\btSerializer.h">
      <Filter>Bullet\LinearMath</Filter>
    </ClInclude>
    <ClInclude Include="Bullet\LinearMath\btStackAlloc.h">
      <Filter>Bullet\LinearMath</Filter>
    </ClInclude>
    <ClInclude Include="Bullet\LinearMath\btTransform.h">
      <Filter>Bullet\LinearMath</Filter>
    </ClInclude>
    <ClInclude Include="Bullet\LinearMath\btTransformUtil.h">
      <Filter>Bullet\LinearMath</Filter>
    </ClInclude>
    <ClInclude Include="Bullet\LinearMath\btVector3.h">
      <Filter>Bullet\LinearMath</Filter>
    </ClInclude>
    <ClInclude Include="Bullet\MiniCL\MiniCLTask\MiniCLTask.h">
      <Filter>Bullet\MiniCL\MiniCLTask</Filter>
    </ClInclude>
    <ClInclude Include="Bullet\MiniCL\cl.h">
      <Filter>Bullet\MiniCL</Filter>
    </ClInclude>
    <ClInclude Include="Bullet\MiniCL\cl_gl.h">
      <Filter>Bullet\MiniCL</Filter>
    </ClInclude>
    <ClInclude Include="Bullet\MiniCL\cl_MiniCL_Defs.h">
      <Filter>Bullet\MiniCL</Filter>
    </ClInclude>
    <ClInclude Include="Bullet\MiniCL\cl_platform.h">
      <Filter>Bullet\MiniCL</Filter>
    </ClInclude>
    <ClInclude Include="Bullet\MiniCL\MiniCLTaskScheduler.h">
      <Filter>Bullet\MiniCL</Filter>
    </ClInclude>
    <ClInclude Include="Bullet\vectormath\neon\boolInVec.h">
      <Filter>Bullet\vectormath\neon</Filter>
    </ClInclude>
    <ClInclude Include="Bullet\vectormath\neon\floatInVec.h">
      <Filter>Bullet\vectormath\neon</Filter>
    </ClInclude>
    <ClInclude Include="Bullet\vectormath\neon\mat_aos.h">
      <Filter>Bullet\vectormath\neon</Filter>
    </ClInclude>
    <ClInclude Include="Bullet\vectormath\neon\quat_aos.h">
      <Filter>Bullet\vectormath\neon</Filter>
    </ClInclude>
    <ClInclude Include="Bullet\vectormath\neon\vec_aos.h">
      <Filter>Bullet\vectormath\neon</Filter>
    </ClInclude>
    <ClInclude Include="Bullet\vectormath\neon\vectormath_aos.h">
      <Filter>Bullet\vectormath\neon</Filter>
    </ClInclude>
    <ClInclude Include="Bullet\vectormath\scalar\boolInVec.h">
      <Filter>Bullet\vectormath\scalar</Filter>
    </ClInclude>
    <ClInclude Include="Bullet\vectormath\scalar\floatInVec.h">
      <Filter>Bullet\vectormath\scalar</Filter>
    </ClInclude>
    <ClInclude Include="Bullet\vectormath\scalar\mat_aos.h">
      <Filter>Bullet\vectormath\scalar</Filter>
    </ClInclude>
    <ClInclude Include="Bullet\vectormath\scalar\quat_aos.h">
      <Filter>Bullet\vectormath\scalar</Filter>
    </ClInclude>
    <ClInclude Include="Bullet\vectormath\scalar\vec_aos.h">
      <Filter>Bullet\vectormath\scalar</Filter>
    </ClInclude>
    <ClInclude Include="Bullet\vectormath\scalar\vectormath_aos.h">
      <Filter>Bullet\vectormath\scalar</Filter>
    </ClInclude>
    <ClInclude Include="Bullet\vectormath\sse\boolInVec.h">
      <Filter>Bullet\vectormath\sse</Filter>
    </ClInclude>
    <ClInclude Include="Bullet\vectormath\sse\floatInVec.h">
      <Filter>Bullet\vectormath\sse</Filter>
    </ClInclude>
    <ClInclude Include="Bullet\vectormath\sse\mat_aos.h">
      <Filter>Bullet\vectormath\sse</Filter>
    </ClInclude>
    <ClInclude Include="Bullet\vectormath\sse\quat_aos.h">
      <Filter>Bullet\vectormath\sse</Filter>
    </ClInclude>
    <ClInclude Include="Bullet\vectormath\sse\vec_aos.h">
      <Filter>Bullet\vectormath\sse</Filter>
    </ClInclude>
    <ClInclude Include="Bullet\vectormath\sse\vecidx_aos.h">
      <Filter>Bullet\vectormath\sse</Filter>
    </ClInclude>
    <ClInclude Include="Bullet\vectormath\sse\vectormath_aos.h">
      <Filter>Bullet\vectormath\sse</Filter>
    </ClInclude>
    <ClInclude Include="Bullet\vectormath\vmInclude.h">
      <Filter>Bullet\vectormath</Filter>
    </ClInclude>
    <ClInclude Include="Bullet\BulletMultiThreaded\btGpu3DGridBroadphase.h">
      <Filter>Bullet\BulletMultiThreaded</Filter>
    </ClInclude>
    <ClInclude Include="Bullet\BulletMultiThreaded\btGpu3DGridBroadphaseSharedCode.h">
      <Filter>Bullet\BulletMultiThreaded</Filter>
    </ClInclude>
    <ClInclude Include="Bullet\BulletMultiThreaded\btGpu3DGridBroadphaseSharedDefs.h">
      <Filter>Bullet\BulletMultiThreaded</Filter>
    </ClInclude>
    <ClInclude Include="Bullet\BulletMultiThreaded\btGpu3DGridBroadphaseSharedTypes.h">
      <Filter>Bullet\BulletMultiThreaded</Filter>
    </ClInclude>
    <ClInclude Include="Bullet\BulletMultiThreaded\btGpuDefines.h">
      <Filter>Bullet\BulletMultiThreaded</Filter>
    </ClInclude>
    <ClInclude Include="Bullet\BulletMultiThreaded\btGpuUtilsSharedCode.h">
      <Filter>Bullet\BulletMultiThreaded</Filter>
    </ClInclude>
    <ClInclude Include="Bullet\BulletMultiThreaded\btGpuUtilsSharedDefs.h">
      <Filter>Bullet\BulletMultiThreaded</Filter>
    </ClInclude>
    <ClInclude Include="Bullet\BulletMultiThreaded\btParallelConstraintSolver.h">
      <Filter>Bullet\BulletMultiThreaded</Filter>
    </ClInclude>
    <ClInclude Include="Bullet\BulletMultiThreaded\btThreadSupportInterface.h">
      <Filter>Bullet\BulletMultiThreaded</Filter>
    </ClInclude>
    <ClInclude Include="Bullet\BulletMultiThreaded\HeapManager.h">
      <Filter>Bullet\BulletMultiThreaded</Filter>
    </ClInclude>
    <ClInclude Include="Bullet\BulletMultiThreaded\PlatformDefinitions.h">
      <Filter>Bullet\BulletMultiThreaded</Filter>
    </ClInclude>
    <ClInclude Include="Bullet\BulletMultiThreaded\PosixThreadSupport.h">
      <Filter>Bullet\BulletMultiThreaded</Filter>
    </ClInclude>
    <ClInclude Include="Bullet\BulletMultiThreaded\PpuAddressSpace.h">
      <Filter>Bullet\BulletMultiThreaded</Filter>
    </ClInclude>
    <ClInclude Include="Bullet\BulletMultiThreaded\SequentialThreadSupport.h">
      <Filter>Bullet\BulletMultiThreaded</Filter>
    </ClInclude>
    <ClInclude Include="Bullet\BulletMultiThreaded\SpuCollisionObjectWrapper.h">
      <Filter>Bullet\BulletMultiThreaded</Filter>
    </ClInclude>
    <ClInclude Include="Bullet\BulletMultiThreaded\SpuCollisionTaskProcess.h">
      <Filter>Bullet\BulletMultiThreaded</Filter>
    </ClInclude>
    <ClInclude Include="Bullet\BulletMultiThreaded\SpuContactManifoldCollisionAlgorithm.h">
      <Filter>Bullet\BulletMultiThreaded</Filter>
    </ClInclude>
    <ClInclude Include="Bullet\BulletMultiThreaded\SpuDoubleBuffer.h">
      <Filter>Bullet\BulletMultiThreaded</Filter>
    </ClInclude>
    <ClInclude Include="Bullet\BulletMultiThreaded\SpuFakeDma.h">
      <Filter>Bullet\BulletMultiThreaded</Filter>
    </ClInclude>
    <ClInclude Include="Bullet\BulletMultiThreaded\SpuGatheringCollisionDispatcher.h">
      <Filter>Bullet\BulletMultiThreaded</Filter>
    </ClInclude>
    <ClInclude Include="Bullet\BulletMultiThreaded\SpuLibspe2Support.h">
      <Filter>Bullet\BulletMultiThreaded</Filter>
    </ClInclude>
    <ClInclude Include="Bullet\BulletMultiThreaded\SpuSampleTaskProcess.h">
      <Filter>Bullet\BulletMultiThreaded</Filter>
    </ClInclude>
    <ClInclude Include="Bullet\BulletMultiThreaded\SpuSync.h">
      <Filter>Bullet\BulletMultiThreaded</Filter>
    </ClInclude>
    <ClInclude Include="Bullet\BulletMultiThreaded\TrbDynBody.h">
      <Filter>Bullet\BulletMultiThreaded</Filter>
    </ClInclude>
    <ClInclude Include="Bullet\BulletMultiThreaded\TrbStateVec.h">
      <Filter>Bullet\BulletMultiThreaded</Filter>
    </ClInclude>
    <ClInclude Include="Bullet\BulletMultiThreaded\vectormath2bullet.h">
      <Filter>Bullet\BulletMultiThreaded</Filter>
    </ClInclude>
    <ClInclude Include="Bullet\BulletMultiThreaded\Win32ThreadSupport.h">
      <Filter>Bullet\BulletMultiThreaded</Filter>
    </ClInclude>
    <ClInclude Include="Bullet\btBulletCollisionCommon.h">
      <Filter>Bullet</Filter>
    </ClInclude>
    <ClInclude Include="Bullet\btBulletDynamicsCommon.h">
      <Filter>Bullet</Filter>
    </ClInclude>
    <ClInclude Include="Bullet\Bullet-C-Api.h">
      <Filter>Bullet</Filter>
    </ClInclude>
    <ClInclude Include="dllmain.h">
      <Filter>Header Files</Filter>
    </ClInclude>
    <ClInclude Include="hc3dPhysics.h">
      <Filter>Header Files</Filter>
    </ClInclude>
  </ItemGroup>
  <ItemGroup>
    <ClCompile Include="stdafx.cpp">
      <Filter>Source Files</Filter>
    </ClCompile>
    <ClCompile Include="dllmain.cpp">
      <Filter>Source Files</Filter>
    </ClCompile>
    <ClCompile Include="GLDebugDraw.cpp">
      <Filter>Source Files</Filter>
    </ClCompile>
    <ClCompile Include="Bullet\BulletCollision\BroadphaseCollision\btAxisSweep3.cpp">
      <Filter>Bullet\BulletCollision\BroadphaseCollision</Filter>
    </ClCompile>
    <ClCompile Include="Bullet\BulletCollision\BroadphaseCollision\btBroadphaseProxy.cpp">
      <Filter>Bullet\BulletCollision\BroadphaseCollision</Filter>
    </ClCompile>
    <ClCompile Include="Bullet\BulletCollision\BroadphaseCollision\btCollisionAlgorithm.cpp">
      <Filter>Bullet\BulletCollision\BroadphaseCollision</Filter>
    </ClCompile>
    <ClCompile Include="Bullet\BulletCollision\BroadphaseCollision\btDbvt.cpp">
      <Filter>Bullet\BulletCollision\BroadphaseCollision</Filter>
    </ClCompile>
    <ClCompile Include="Bullet\BulletCollision\BroadphaseCollision\btDbvtBroadphase.cpp">
      <Filter>Bullet\BulletCollision\BroadphaseCollision</Filter>
    </ClCompile>
    <ClCompile Include="Bullet\BulletCollision\BroadphaseCollision\btDispatcher.cpp">
      <Filter>Bullet\BulletCollision\BroadphaseCollision</Filter>
    </ClCompile>
    <ClCompile Include="Bullet\BulletCollision\BroadphaseCollision\btMultiSapBroadphase.cpp">
      <Filter>Bullet\BulletCollision\BroadphaseCollision</Filter>
    </ClCompile>
    <ClCompile Include="Bullet\BulletCollision\BroadphaseCollision\btOverlappingPairCache.cpp">
      <Filter>Bullet\BulletCollision\BroadphaseCollision</Filter>
    </ClCompile>
    <ClCompile Include="Bullet\BulletCollision\BroadphaseCollision\btQuantizedBvh.cpp">
      <Filter>Bullet\BulletCollision\BroadphaseCollision</Filter>
    </ClCompile>
    <ClCompile Include="Bullet\BulletCollision\BroadphaseCollision\btSimpleBroadphase.cpp">
      <Filter>Bullet\BulletCollision\BroadphaseCollision</Filter>
    </ClCompile>
    <ClCompile Include="Bullet\BulletCollision\CollisionDispatch\btActivatingCollisionAlgorithm.cpp">
      <Filter>Bullet\BulletCollision\CollisionDispatch</Filter>
    </ClCompile>
    <ClCompile Include="Bullet\BulletCollision\CollisionDispatch\btBox2dBox2dCollisionAlgorithm.cpp">
      <Filter>Bullet\BulletCollision\CollisionDispatch</Filter>
    </ClCompile>
    <ClCompile Include="Bullet\BulletCollision\CollisionDispatch\btBoxBoxCollisionAlgorithm.cpp">
      <Filter>Bullet\BulletCollision\CollisionDispatch</Filter>
    </ClCompile>
    <ClCompile Include="Bullet\BulletCollision\CollisionDispatch\btBoxBoxDetector.cpp">
      <Filter>Bullet\BulletCollision\CollisionDispatch</Filter>
    </ClCompile>
    <ClCompile Include="Bullet\BulletCollision\CollisionDispatch\btCollisionDispatcher.cpp">
      <Filter>Bullet\BulletCollision\CollisionDispatch</Filter>
    </ClCompile>
    <ClCompile Include="Bullet\BulletCollision\CollisionDispatch\btCollisionObject.cpp">
      <Filter>Bullet\BulletCollision\CollisionDispatch</Filter>
    </ClCompile>
    <ClCompile Include="Bullet\BulletCollision\CollisionDispatch\btCollisionWorld.cpp">
      <Filter>Bullet\BulletCollision\CollisionDispatch</Filter>
    </ClCompile>
    <ClCompile Include="Bullet\BulletCollision\CollisionDispatch\btCompoundCollisionAlgorithm.cpp">
      <Filter>Bullet\BulletCollision\CollisionDispatch</Filter>
    </ClCompile>
    <ClCompile Include="Bullet\BulletCollision\CollisionDispatch\btCompoundCompoundCollisionAlgorithm.cpp">
      <Filter>Bullet\BulletCollision\CollisionDispatch</Filter>
    </ClCompile>
    <ClCompile Include="Bullet\BulletCollision\CollisionDispatch\btConvex2dConvex2dAlgorithm.cpp">
      <Filter>Bullet\BulletCollision\CollisionDispatch</Filter>
    </ClCompile>
    <ClCompile Include="Bullet\BulletCollision\CollisionDispatch\btConvexConcaveCollisionAlgorithm.cpp">
      <Filter>Bullet\BulletCollision\CollisionDispatch</Filter>
    </ClCompile>
    <ClCompile Include="Bullet\BulletCollision\CollisionDispatch\btConvexConvexAlgorithm.cpp">
      <Filter>Bullet\BulletCollision\CollisionDispatch</Filter>
    </ClCompile>
    <ClCompile Include="Bullet\BulletCollision\CollisionDispatch\btConvexPlaneCollisionAlgorithm.cpp">
      <Filter>Bullet\BulletCollision\CollisionDispatch</Filter>
    </ClCompile>
    <ClCompile Include="Bullet\BulletCollision\CollisionDispatch\btDefaultCollisionConfiguration.cpp">
      <Filter>Bullet\BulletCollision\CollisionDispatch</Filter>
    </ClCompile>
    <ClCompile Include="Bullet\BulletCollision\CollisionDispatch\btEmptyCollisionAlgorithm.cpp">
      <Filter>Bullet\BulletCollision\CollisionDispatch</Filter>
    </ClCompile>
    <ClCompile Include="Bullet\BulletCollision\CollisionDispatch\btGhostObject.cpp">
      <Filter>Bullet\BulletCollision\CollisionDispatch</Filter>
    </ClCompile>
    <ClCompile Include="Bullet\BulletCollision\CollisionDispatch\btHashedSimplePairCache.cpp">
      <Filter>Bullet\BulletCollision\CollisionDispatch</Filter>
    </ClCompile>
    <ClCompile Include="Bullet\BulletCollision\CollisionDispatch\btInternalEdgeUtility.cpp">
      <Filter>Bullet\BulletCollision\CollisionDispatch</Filter>
    </ClCompile>
    <ClCompile Include="Bullet\BulletCollision\CollisionDispatch\btManifoldResult.cpp">
      <Filter>Bullet\BulletCollision\CollisionDispatch</Filter>
    </ClCompile>
    <ClCompile Include="Bullet\BulletCollision\CollisionDispatch\btSimulationIslandManager.cpp">
      <Filter>Bullet\BulletCollision\CollisionDispatch</Filter>
    </ClCompile>
    <ClCompile Include="Bullet\BulletCollision\CollisionDispatch\btSphereBoxCollisionAlgorithm.cpp">
      <Filter>Bullet\BulletCollision\CollisionDispatch</Filter>
    </ClCompile>
    <ClCompile Include="Bullet\BulletCollision\CollisionDispatch\btSphereSphereCollisionAlgorithm.cpp">
      <Filter>Bullet\BulletCollision\CollisionDispatch</Filter>
    </ClCompile>
    <ClCompile Include="Bullet\BulletCollision\CollisionDispatch\btSphereTriangleCollisionAlgorithm.cpp">
      <Filter>Bullet\BulletCollision\CollisionDispatch</Filter>
    </ClCompile>
    <ClCompile Include="Bullet\BulletCollision\CollisionDispatch\btUnionFind.cpp">
      <Filter>Bullet\BulletCollision\CollisionDispatch</Filter>
    </ClCompile>
    <ClCompile Include="Bullet\BulletCollision\CollisionDispatch\SphereTriangleDetector.cpp">
      <Filter>Bullet\BulletCollision\CollisionDispatch</Filter>
    </ClCompile>
    <ClCompile Include="Bullet\BulletCollision\CollisionShapes\btBox2dShape.cpp">
      <Filter>Bullet\BulletCollision\CollisionShapes</Filter>
    </ClCompile>
    <ClCompile Include="Bullet\BulletCollision\CollisionShapes\btBoxShape.cpp">
      <Filter>Bullet\BulletCollision\CollisionShapes</Filter>
    </ClCompile>
    <ClCompile Include="Bullet\BulletCollision\CollisionShapes\btBvhTriangleMeshShape.cpp">
      <Filter>Bullet\BulletCollision\CollisionShapes</Filter>
    </ClCompile>
    <ClCompile Include="Bullet\BulletCollision\CollisionShapes\btCapsuleShape.cpp">
      <Filter>Bullet\BulletCollision\CollisionShapes</Filter>
    </ClCompile>
    <ClCompile Include="Bullet\BulletCollision\CollisionShapes\btCollisionShape.cpp">
      <Filter>Bullet\BulletCollision\CollisionShapes</Filter>
    </ClCompile>
    <ClCompile Include="Bullet\BulletCollision\CollisionShapes\btCompoundShape.cpp">
      <Filter>Bullet\BulletCollision\CollisionShapes</Filter>
    </ClCompile>
    <ClCompile Include="Bullet\BulletCollision\CollisionShapes\btConcaveShape.cpp">
      <Filter>Bullet\BulletCollision\CollisionShapes</Filter>
    </ClCompile>
    <ClCompile Include="Bullet\BulletCollision\CollisionShapes\btConeShape.cpp">
      <Filter>Bullet\BulletCollision\CollisionShapes</Filter>
    </ClCompile>
    <ClCompile Include="Bullet\BulletCollision\CollisionShapes\btConvex2dShape.cpp">
      <Filter>Bullet\BulletCollision\CollisionShapes</Filter>
    </ClCompile>
    <ClCompile Include="Bullet\BulletCollision\CollisionShapes\btConvexHullShape.cpp">
      <Filter>Bullet\BulletCollision\CollisionShapes</Filter>
    </ClCompile>
    <ClCompile Include="Bullet\BulletCollision\CollisionShapes\btConvexInternalShape.cpp">
      <Filter>Bullet\BulletCollision\CollisionShapes</Filter>
    </ClCompile>
    <ClCompile Include="Bullet\BulletCollision\CollisionShapes\btConvexPointCloudShape.cpp">
      <Filter>Bullet\BulletCollision\CollisionShapes</Filter>
    </ClCompile>
    <ClCompile Include="Bullet\BulletCollision\CollisionShapes\btConvexPolyhedron.cpp">
      <Filter>Bullet\BulletCollision\CollisionShapes</Filter>
    </ClCompile>
    <ClCompile Include="Bullet\BulletCollision\CollisionShapes\btConvexShape.cpp">
      <Filter>Bullet\BulletCollision\CollisionShapes</Filter>
    </ClCompile>
    <ClCompile Include="Bullet\BulletCollision\CollisionShapes\btConvexTriangleMeshShape.cpp">
      <Filter>Bullet\BulletCollision\CollisionShapes</Filter>
    </ClCompile>
    <ClCompile Include="Bullet\BulletCollision\CollisionShapes\btCylinderShape.cpp">
      <Filter>Bullet\BulletCollision\CollisionShapes</Filter>
    </ClCompile>
    <ClCompile Include="Bullet\BulletCollision\CollisionShapes\btEmptyShape.cpp">
      <Filter>Bullet\BulletCollision\CollisionShapes</Filter>
    </ClCompile>
    <ClCompile Include="Bullet\BulletCollision\CollisionShapes\btHeightfieldTerrainShape.cpp">
      <Filter>Bullet\BulletCollision\CollisionShapes</Filter>
    </ClCompile>
    <ClCompile Include="Bullet\BulletCollision\CollisionShapes\btMinkowskiSumShape.cpp">
      <Filter>Bullet\BulletCollision\CollisionShapes</Filter>
    </ClCompile>
    <ClCompile Include="Bullet\BulletCollision\CollisionShapes\btMultimaterialTriangleMeshShape.cpp">
      <Filter>Bullet\BulletCollision\CollisionShapes</Filter>
    </ClCompile>
    <ClCompile Include="Bullet\BulletCollision\CollisionShapes\btMultiSphereShape.cpp">
      <Filter>Bullet\BulletCollision\CollisionShapes</Filter>
    </ClCompile>
    <ClCompile Include="Bullet\BulletCollision\CollisionShapes\btOptimizedBvh.cpp">
      <Filter>Bullet\BulletCollision\CollisionShapes</Filter>
    </ClCompile>
    <ClCompile Include="Bullet\BulletCollision\CollisionShapes\btPolyhedralConvexShape.cpp">
      <Filter>Bullet\BulletCollision\CollisionShapes</Filter>
    </ClCompile>
    <ClCompile Include="Bullet\BulletCollision\CollisionShapes\btScaledBvhTriangleMeshShape.cpp">
      <Filter>Bullet\BulletCollision\CollisionShapes</Filter>
    </ClCompile>
    <ClCompile Include="Bullet\BulletCollision\CollisionShapes\btShapeHull.cpp">
      <Filter>Bullet\BulletCollision\CollisionShapes</Filter>
    </ClCompile>
    <ClCompile Include="Bullet\BulletCollision\CollisionShapes\btSphereShape.cpp">
      <Filter>Bullet\BulletCollision\CollisionShapes</Filter>
    </ClCompile>
    <ClCompile Include="Bullet\BulletCollision\CollisionShapes\btStaticPlaneShape.cpp">
      <Filter>Bullet\BulletCollision\CollisionShapes</Filter>
    </ClCompile>
    <ClCompile Include="Bullet\BulletCollision\CollisionShapes\btStridingMeshInterface.cpp">
      <Filter>Bullet\BulletCollision\CollisionShapes</Filter>
    </ClCompile>
    <ClCompile Include="Bullet\BulletCollision\CollisionShapes\btTetrahedronShape.cpp">
      <Filter>Bullet\BulletCollision\CollisionShapes</Filter>
    </ClCompile>
    <ClCompile Include="Bullet\BulletCollision\CollisionShapes\btTriangleBuffer.cpp">
      <Filter>Bullet\BulletCollision\CollisionShapes</Filter>
    </ClCompile>
    <ClCompile Include="Bullet\BulletCollision\CollisionShapes\btTriangleCallback.cpp">
      <Filter>Bullet\BulletCollision\CollisionShapes</Filter>
    </ClCompile>
    <ClCompile Include="Bullet\BulletCollision\CollisionShapes\btTriangleIndexVertexArray.cpp">
      <Filter>Bullet\BulletCollision\CollisionShapes</Filter>
    </ClCompile>
    <ClCompile Include="Bullet\BulletCollision\CollisionShapes\btTriangleIndexVertexMaterialArray.cpp">
      <Filter>Bullet\BulletCollision\CollisionShapes</Filter>
    </ClCompile>
    <ClCompile Include="Bullet\BulletCollision\CollisionShapes\btTriangleMesh.cpp">
      <Filter>Bullet\BulletCollision\CollisionShapes</Filter>
    </ClCompile>
    <ClCompile Include="Bullet\BulletCollision\CollisionShapes\btTriangleMeshShape.cpp">
      <Filter>Bullet\BulletCollision\CollisionShapes</Filter>
    </ClCompile>
    <ClCompile Include="Bullet\BulletCollision\CollisionShapes\btUniformScalingShape.cpp">
      <Filter>Bullet\BulletCollision\CollisionShapes</Filter>
    </ClCompile>
    <ClCompile Include="Bullet\BulletCollision\Gimpact\btContactProcessing.cpp">
      <Filter>Bullet\BulletCollision\Gimpact</Filter>
    </ClCompile>
    <ClCompile Include="Bullet\BulletCollision\Gimpact\btGenericPoolAllocator.cpp">
      <Filter>Bullet\BulletCollision\Gimpact</Filter>
    </ClCompile>
    <ClCompile Include="Bullet\BulletCollision\Gimpact\btGImpactBvh.cpp">
      <Filter>Bullet\BulletCollision\Gimpact</Filter>
    </ClCompile>
    <ClCompile Include="Bullet\BulletCollision\Gimpact\btGImpactCollisionAlgorithm.cpp">
      <Filter>Bullet\BulletCollision\Gimpact</Filter>
    </ClCompile>
    <ClCompile Include="Bullet\BulletCollision\Gimpact\btGImpactQuantizedBvh.cpp">
      <Filter>Bullet\BulletCollision\Gimpact</Filter>
    </ClCompile>
    <ClCompile Include="Bullet\BulletCollision\Gimpact\btGImpactShape.cpp">
      <Filter>Bullet\BulletCollision\Gimpact</Filter>
    </ClCompile>
    <ClCompile Include="Bullet\BulletCollision\Gimpact\btTriangleShapeEx.cpp">
      <Filter>Bullet\BulletCollision\Gimpact</Filter>
    </ClCompile>
    <ClCompile Include="Bullet\BulletCollision\Gimpact\gim_box_set.cpp">
      <Filter>Bullet\BulletCollision\Gimpact</Filter>
    </ClCompile>
    <ClCompile Include="Bullet\BulletCollision\Gimpact\gim_contact.cpp">
      <Filter>Bullet\BulletCollision\Gimpact</Filter>
    </ClCompile>
    <ClCompile Include="Bullet\BulletCollision\Gimpact\gim_memory.cpp">
      <Filter>Bullet\BulletCollision\Gimpact</Filter>
    </ClCompile>
    <ClCompile Include="Bullet\BulletCollision\Gimpact\gim_tri_collision.cpp">
      <Filter>Bullet\BulletCollision\Gimpact</Filter>
    </ClCompile>
    <ClCompile Include="Bullet\BulletCollision\NarrowPhaseCollision\btContinuousConvexCollision.cpp">
      <Filter>Bullet\BulletCollision\NarrowPhaseCollision</Filter>
    </ClCompile>
    <ClCompile Include="Bullet\BulletCollision\NarrowPhaseCollision\btConvexCast.cpp">
      <Filter>Bullet\BulletCollision\NarrowPhaseCollision</Filter>
    </ClCompile>
    <ClCompile Include="Bullet\BulletCollision\NarrowPhaseCollision\btGjkConvexCast.cpp">
      <Filter>Bullet\BulletCollision\NarrowPhaseCollision</Filter>
    </ClCompile>
    <ClCompile Include="Bullet\BulletCollision\NarrowPhaseCollision\btGjkEpa2.cpp">
      <Filter>Bullet\BulletCollision\NarrowPhaseCollision</Filter>
    </ClCompile>
    <ClCompile Include="Bullet\BulletCollision\NarrowPhaseCollision\btGjkEpaPenetrationDepthSolver.cpp">
      <Filter>Bullet\BulletCollision\NarrowPhaseCollision</Filter>
    </ClCompile>
    <ClCompile Include="Bullet\BulletCollision\NarrowPhaseCollision\btGjkPairDetector.cpp">
      <Filter>Bullet\BulletCollision\NarrowPhaseCollision</Filter>
    </ClCompile>
    <ClCompile Include="Bullet\BulletCollision\NarrowPhaseCollision\btMinkowskiPenetrationDepthSolver.cpp">
      <Filter>Bullet\BulletCollision\NarrowPhaseCollision</Filter>
    </ClCompile>
    <ClCompile Include="Bullet\BulletCollision\NarrowPhaseCollision\btPersistentManifold.cpp">
      <Filter>Bullet\BulletCollision\NarrowPhaseCollision</Filter>
    </ClCompile>
    <ClCompile Include="Bullet\BulletCollision\NarrowPhaseCollision\btPolyhedralContactClipping.cpp">
      <Filter>Bullet\BulletCollision\NarrowPhaseCollision</Filter>
    </ClCompile>
    <ClCompile Include="Bullet\BulletCollision\NarrowPhaseCollision\btRaycastCallback.cpp">
      <Filter>Bullet\BulletCollision\NarrowPhaseCollision</Filter>
    </ClCompile>
    <ClCompile Include="Bullet\BulletCollision\NarrowPhaseCollision\btSubSimplexConvexCast.cpp">
      <Filter>Bullet\BulletCollision\NarrowPhaseCollision</Filter>
    </ClCompile>
    <ClCompile Include="Bullet\BulletCollision\NarrowPhaseCollision\btVoronoiSimplexSolver.cpp">
      <Filter>Bullet\BulletCollision\NarrowPhaseCollision</Filter>
    </ClCompile>
    <ClCompile Include="Bullet\BulletDynamics\Character\btKinematicCharacterController.cpp">
      <Filter>Bullet\BulletDynamics\Character</Filter>
    </ClCompile>
    <ClCompile Include="Bullet\BulletDynamics\ConstraintSolver\btConeTwistConstraint.cpp">
      <Filter>Bullet\BulletDynamics\ConstraintSolver</Filter>
    </ClCompile>
    <ClCompile Include="Bullet\BulletDynamics\ConstraintSolver\btContactConstraint.cpp">
      <Filter>Bullet\BulletDynamics\ConstraintSolver</Filter>
    </ClCompile>
    <ClCompile Include="Bullet\BulletDynamics\ConstraintSolver\btFixedConstraint.cpp">
      <Filter>Bullet\BulletDynamics\ConstraintSolver</Filter>
    </ClCompile>
    <ClCompile Include="Bullet\BulletDynamics\ConstraintSolver\btGearConstraint.cpp">
      <Filter>Bullet\BulletDynamics\ConstraintSolver</Filter>
    </ClCompile>
    <ClCompile Include="Bullet\BulletDynamics\ConstraintSolver\btGeneric6DofConstraint.cpp">
      <Filter>Bullet\BulletDynamics\ConstraintSolver</Filter>
    </ClCompile>
    <ClCompile Include="Bullet\BulletDynamics\ConstraintSolver\btGeneric6DofSpringConstraint.cpp">
      <Filter>Bullet\BulletDynamics\ConstraintSolver</Filter>
    </ClCompile>
    <ClCompile Include="Bullet\BulletDynamics\ConstraintSolver\btHinge2Constraint.cpp">
      <Filter>Bullet\BulletDynamics\ConstraintSolver</Filter>
    </ClCompile>
    <ClCompile Include="Bullet\BulletDynamics\ConstraintSolver\btHingeConstraint.cpp">
      <Filter>Bullet\BulletDynamics\ConstraintSolver</Filter>
    </ClCompile>
    <ClCompile Include="Bullet\BulletDynamics\ConstraintSolver\btPoint2PointConstraint.cpp">
      <Filter>Bullet\BulletDynamics\ConstraintSolver</Filter>
    </ClCompile>
    <ClCompile Include="Bullet\BulletDynamics\ConstraintSolver\btSequentialImpulseConstraintSolver.cpp">
      <Filter>Bullet\BulletDynamics\ConstraintSolver</Filter>
    </ClCompile>
    <ClCompile Include="Bullet\BulletDynamics\ConstraintSolver\btSliderConstraint.cpp">
      <Filter>Bullet\BulletDynamics\ConstraintSolver</Filter>
    </ClCompile>
    <ClCompile Include="Bullet\BulletDynamics\ConstraintSolver\btSolve2LinearConstraint.cpp">
      <Filter>Bullet\BulletDynamics\ConstraintSolver</Filter>
    </ClCompile>
    <ClCompile Include="Bullet\BulletDynamics\ConstraintSolver\btTypedConstraint.cpp">
      <Filter>Bullet\BulletDynamics\ConstraintSolver</Filter>
    </ClCompile>
    <ClCompile Include="Bullet\BulletDynamics\ConstraintSolver\btUniversalConstraint.cpp">
      <Filter>Bullet\BulletDynamics\ConstraintSolver</Filter>
    </ClCompile>
    <ClCompile Include="Bullet\BulletDynamics\Dynamics\btDiscreteDynamicsWorld.cpp">
      <Filter>Bullet\BulletDynamics\Dynamics</Filter>
    </ClCompile>
    <ClCompile Include="Bullet\BulletDynamics\Dynamics\btRigidBody.cpp">
      <Filter>Bullet\BulletDynamics\Dynamics</Filter>
    </ClCompile>
    <ClCompile Include="Bullet\BulletDynamics\Dynamics\btSimpleDynamicsWorld.cpp">
      <Filter>Bullet\BulletDynamics\Dynamics</Filter>
    </ClCompile>
    <ClCompile Include="Bullet\BulletDynamics\Dynamics\Bullet-C-API.cpp">
      <Filter>Bullet\BulletDynamics\Dynamics</Filter>
    </ClCompile>
    <ClCompile Include="Bullet\BulletDynamics\Featherstone\btMultiBody.cpp">
      <Filter>Bullet\BulletDynamics\Featherstone</Filter>
    </ClCompile>
    <ClCompile Include="Bullet\BulletDynamics\Featherstone\btMultiBodyConstraint.cpp">
      <Filter>Bullet\BulletDynamics\Featherstone</Filter>
    </ClCompile>
    <ClCompile Include="Bullet\BulletDynamics\Featherstone\btMultiBodyConstraintSolver.cpp">
      <Filter>Bullet\BulletDynamics\Featherstone</Filter>
    </ClCompile>
    <ClCompile Include="Bullet\BulletDynamics\Featherstone\btMultiBodyDynamicsWorld.cpp">
      <Filter>Bullet\BulletDynamics\Featherstone</Filter>
    </ClCompile>
    <ClCompile Include="Bullet\BulletDynamics\Featherstone\btMultiBodyJointLimitConstraint.cpp">
      <Filter>Bullet\BulletDynamics\Featherstone</Filter>
    </ClCompile>
    <ClCompile Include="Bullet\BulletDynamics\Featherstone\btMultiBodyJointMotor.cpp">
      <Filter>Bullet\BulletDynamics\Featherstone</Filter>
    </ClCompile>
    <ClCompile Include="Bullet\BulletDynamics\Featherstone\btMultiBodyPoint2Point.cpp">
      <Filter>Bullet\BulletDynamics\Featherstone</Filter>
    </ClCompile>
    <ClCompile Include="Bullet\BulletDynamics\MLCPSolvers\btDantzigLCP.cpp">
      <Filter>Bullet\BulletDynamics\MLCPSolvers</Filter>
    </ClCompile>
    <ClCompile Include="Bullet\BulletDynamics\MLCPSolvers\btMLCPSolver.cpp">
      <Filter>Bullet\BulletDynamics\MLCPSolvers</Filter>
    </ClCompile>
    <ClCompile Include="Bullet\BulletDynamics\Vehicle\btRaycastVehicle.cpp">
      <Filter>Bullet\BulletDynamics\Vehicle</Filter>
    </ClCompile>
    <ClCompile Include="Bullet\BulletDynamics\Vehicle\btWheelInfo.cpp">
      <Filter>Bullet\BulletDynamics\Vehicle</Filter>
    </ClCompile>
    <ClCompile Include="Bullet\BulletMultiThreaded\SpuNarrowPhaseCollisionTask\boxBoxDistance.cpp">
      <Filter>Bullet\BulletMultiThreaded\SpuNarrowPhaseCollisionTask</Filter>
    </ClCompile>
    <ClCompile Include="Bullet\BulletMultiThreaded\SpuNarrowPhaseCollisionTask\SpuCollisionShapes.cpp">
      <Filter>Bullet\BulletMultiThreaded\SpuNarrowPhaseCollisionTask</Filter>
    </ClCompile>
    <ClCompile Include="Bullet\BulletMultiThreaded\SpuNarrowPhaseCollisionTask\SpuContactResult.cpp">
      <Filter>Bullet\BulletMultiThreaded\SpuNarrowPhaseCollisionTask</Filter>
    </ClCompile>
    <ClCompile Include="Bullet\BulletMultiThreaded\SpuNarrowPhaseCollisionTask\SpuGatheringCollisionTask.cpp">
      <Filter>Bullet\BulletMultiThreaded\SpuNarrowPhaseCollisionTask</Filter>
    </ClCompile>
    <ClCompile Include="Bullet\BulletMultiThreaded\SpuNarrowPhaseCollisionTask\SpuMinkowskiPenetrationDepthSolver.cpp">
      <Filter>Bullet\BulletMultiThreaded\SpuNarrowPhaseCollisionTask</Filter>
    </ClCompile>
    <ClCompile Include="Bullet\BulletMultiThreaded\SpuSampleTask\SpuSampleTask.cpp">
      <Filter>Bullet\BulletMultiThreaded\SpuSampleTask</Filter>
    </ClCompile>
    <ClCompile Include="Bullet\BulletSoftBody\btDefaultSoftBodySolver.cpp">
      <Filter>Bullet\BulletSoftBody</Filter>
    </ClCompile>
    <ClCompile Include="Bullet\BulletSoftBody\btSoftBody.cpp">
      <Filter>Bullet\BulletSoftBody</Filter>
    </ClCompile>
    <ClCompile Include="Bullet\BulletSoftBody\btSoftBodyConcaveCollisionAlgorithm.cpp">
      <Filter>Bullet\BulletSoftBody</Filter>
    </ClCompile>
    <ClCompile Include="Bullet\BulletSoftBody\btSoftBodyHelpers.cpp">
      <Filter>Bullet\BulletSoftBody</Filter>
    </ClCompile>
    <ClCompile Include="Bullet\BulletSoftBody\btSoftBodyRigidBodyCollisionConfiguration.cpp">
      <Filter>Bullet\BulletSoftBody</Filter>
    </ClCompile>
    <ClCompile Include="Bullet\BulletSoftBody\btSoftRigidCollisionAlgorithm.cpp">
      <Filter>Bullet\BulletSoftBody</Filter>
    </ClCompile>
    <ClCompile Include="Bullet\BulletSoftBody\btSoftRigidDynamicsWorld.cpp">
      <Filter>Bullet\BulletSoftBody</Filter>
    </ClCompile>
    <ClCompile Include="Bullet\BulletSoftBody\btSoftSoftCollisionAlgorithm.cpp">
      <Filter>Bullet\BulletSoftBody</Filter>
    </ClCompile>
    <ClCompile Include="Bullet\LinearMath\btAlignedAllocator.cpp">
      <Filter>Bullet\LinearMath</Filter>
    </ClCompile>
    <ClCompile Include="Bullet\LinearMath\btConvexHull.cpp">
      <Filter>Bullet\LinearMath</Filter>
    </ClCompile>
    <ClCompile Include="Bullet\LinearMath\btConvexHullComputer.cpp">
      <Filter>Bullet\LinearMath</Filter>
    </ClCompile>
    <ClCompile Include="Bullet\LinearMath\btGeometryUtil.cpp">
      <Filter>Bullet\LinearMath</Filter>
    </ClCompile>
    <ClCompile Include="Bullet\LinearMath\btPolarDecomposition.cpp">
      <Filter>Bullet\LinearMath</Filter>
    </ClCompile>
    <ClCompile Include="Bullet\LinearMath\btQuickprof.cpp">
      <Filter>Bullet\LinearMath</Filter>
    </ClCompile>
    <ClCompile Include="Bullet\LinearMath\btSerializer.cpp">
      <Filter>Bullet\LinearMath</Filter>
    </ClCompile>
    <ClCompile Include="Bullet\LinearMath\btVector3.cpp">
      <Filter>Bullet\LinearMath</Filter>
    </ClCompile>
    <ClCompile Include="Bullet\MiniCL\MiniCLTask\MiniCLTask.cpp">
      <Filter>Bullet\MiniCL\MiniCLTask</Filter>
    </ClCompile>
    <ClCompile Include="Bullet\MiniCL\MiniCL.cpp">
      <Filter>Bullet\MiniCL</Filter>
    </ClCompile>
    <ClCompile Include="Bullet\MiniCL\MiniCLTaskScheduler.cpp">
      <Filter>Bullet\MiniCL</Filter>
    </ClCompile>
    <ClCompile Include="Bullet\BulletMultiThreaded\btGpu3DGridBroadphase.cpp">
      <Filter>Bullet\BulletMultiThreaded</Filter>
    </ClCompile>
    <ClCompile Include="Bullet\BulletMultiThreaded\btParallelConstraintSolver.cpp">
      <Filter>Bullet\BulletMultiThreaded</Filter>
    </ClCompile>
    <ClCompile Include="Bullet\BulletMultiThreaded\btThreadSupportInterface.cpp">
      <Filter>Bullet\BulletMultiThreaded</Filter>
    </ClCompile>
    <ClCompile Include="Bullet\BulletMultiThreaded\PosixThreadSupport.cpp">
      <Filter>Bullet\BulletMultiThreaded</Filter>
    </ClCompile>
    <ClCompile Include="Bullet\BulletMultiThreaded\SequentialThreadSupport.cpp">
      <Filter>Bullet\BulletMultiThreaded</Filter>
    </ClCompile>
    <ClCompile Include="Bullet\BulletMultiThreaded\SpuCollisionObjectWrapper.cpp">
      <Filter>Bullet\BulletMultiThreaded</Filter>
    </ClCompile>
    <ClCompile Include="Bullet\BulletMultiThreaded\SpuCollisionTaskProcess.cpp">
      <Filter>Bullet\BulletMultiThreaded</Filter>
    </ClCompile>
    <ClCompile Include="Bullet\BulletMultiThreaded\SpuContactManifoldCollisionAlgorithm.cpp">
      <Filter>Bullet\BulletMultiThreaded</Filter>
    </ClCompile>
    <ClCompile Include="Bullet\BulletMultiThreaded\SpuFakeDma.cpp">
      <Filter>Bullet\BulletMultiThreaded</Filter>
    </ClCompile>
    <ClCompile Include="Bullet\BulletMultiThreaded\SpuGatheringCollisionDispatcher.cpp">
      <Filter>Bullet\BulletMultiThreaded</Filter>
    </ClCompile>
    <ClCompile Include="Bullet\BulletMultiThreaded\SpuLibspe2Support.cpp">
      <Filter>Bullet\BulletMultiThreaded</Filter>
    </ClCompile>
    <ClCompile Include="Bullet\BulletMultiThreaded\SpuSampleTaskProcess.cpp">
      <Filter>Bullet\BulletMultiThreaded</Filter>
    </ClCompile>
    <ClCompile Include="Bullet\BulletMultiThreaded\Win32ThreadSupport.cpp">
      <Filter>Bullet\BulletMultiThreaded</Filter>
    </ClCompile>
    <ClCompile Include="hc3dPhysics.cpp">
      <Filter>Source Files</Filter>
    </ClCompile>
  </ItemGroup>
  <ItemGroup>
    <None Include="Bullet\BulletSoftBody\premake4.lua">
      <Filter>Bullet\BulletSoftBody</Filter>
    </None>
    <None Include="Bullet\LinearMath\premake4.lua">
      <Filter>Bullet\LinearMath</Filter>
    </None>
  </ItemGroup>
</Project>