<?xml version="1.0" encoding="utf-8"?>
<Project ToolsVersion="4.0" xmlns="http://schemas.microsoft.com/developer/msbuild/2003">
  <ItemGroup>
    <Filter Include="Source Files">
      <UniqueIdentifier>{4FC737F1-C7A5-4376-A066-2A32D752A2FF}</UniqueIdentifier>
      <Extensions>cpp;c;cc;cxx;def;odl;idl;hpj;bat;asm;asmx</Extensions>
    </Filter>
    <Filter Include="Header Files">
      <UniqueIdentifier>{93995380-89BD-4b04-88EB-625FBE52EBFB}</UniqueIdentifier>
      <Extensions>h;hh;hpp;hxx;hm;inl;inc;xsd</Extensions>
    </Filter>
    <Filter Include="Resource Files">
      <UniqueIdentifier>{67DA6AB6-F800-4c08-8B7A-83BB121AAD01}</UniqueIdentifier>
      <Extensions>rc;ico;cur;bmp;dlg;rc2;rct;bin;rgs;gif;jpg;jpeg;jpe;resx;tiff;tif;png;wav;mfcribbon-ms</Extensions>
    </Filter>
    <Filter Include="Control">
      <UniqueIdentifier>{e4b4e515-a6c3-4f91-86d2-12f43264d8cd}</UniqueIdentifier>
    </Filter>
    <Filter Include="Renderer">
      <UniqueIdentifier>{ee360f5f-4325-40a7-bb62-d9caa792a636}</UniqueIdentifier>
    </Filter>
  </ItemGroup>
  <ItemGroup>
    <Text Include="ReadMe.txt" />
  </ItemGroup>
  <ItemGroup>
    <ClInclude Include="stdafx.h">
      <Filter>Header Files</Filter>
    </ClInclude>
    <ClInclude Include="targetver.h">
      <Filter>Header Files</Filter>
    </ClInclude>
    <ClInclude Include="Control\Camera.h">
      <Filter>Control</Filter>
    </ClInclude>
    <ClInclude Include="Control\Info.h">
      <Filter>Control</Filter>
    </ClInclude>
    <ClInclude Include="hc3dControllers.h">
      <Filter>Header Files</Filter>
    </ClInclude>
    <ClInclude Include="Control\Shadow.h">
      <Filter>Control</Filter>
    </ClInclude>
    <ClInclude Include="dllmain.h">
      <Filter>Header Files</Filter>
    </ClInclude>
    <ClInclude Include="Control\kdtree.h">
      <Filter>Control</Filter>
    </ClInclude>
    <ClInclude Include="Renderer.h">
      <Filter>Renderer</Filter>
    </ClInclude>
  </ItemGroup>
  <ItemGroup>
    <ClCompile Include="stdafx.cpp">
      <Filter>Source Files</Filter>
    </ClCompile>
    <ClCompile Include="hc3dControllers.cpp">
      <Filter>Source Files</Filter>
    </ClCompile>
    <ClCompile Include="dllmain.cpp">
      <Filter>Source Files</Filter>
    </ClCompile>
    <ClCompile Include="Control\Camera.cpp">
      <Filter>Control</Filter>
    </ClCompile>
    <ClCompile Include="Control\Info.cpp">
      <Filter>Control</Filter>
    </ClCompile>
    <ClCompile Include="Control\Shadow.cpp">
      <Filter>Control</Filter>
    </ClCompile>
    <ClCompile Include="Control\Console.cpp">
      <Filter>Control</Filter>
    </ClCompile>
    <ClCompile Include="Control\kdtree.cpp">
      <Filter>Control</Filter>
    </ClCompile>
    <ClCompile Include="Renderer.cpp">
      <Filter>Renderer</Filter>
    </ClCompile>
  </ItemGroup>
</Project>